// !$*UTF8*$!
{
	archiveVersion = 1;
	classes = {
	};
	objectVersion = 70;
	objects = {

/* Begin PBXBuildFile section */
		2217BE812C0A65C20032A832 /* Fortify in Frameworks */ = {isa = PBXBuildFile; productRef = 2217BE802C0A65C20032A832 /* Fortify */; };
		222BC9452C157C3200780A41 /* InjectionReady.tif in Resources */ = {isa = PBXBuildFile; fileRef = 222BC9442C157C3200780A41 /* InjectionReady.tif */; };
		224E57FB2C08978F00B71C79 /* SwiftRegex in Frameworks */ = {isa = PBXBuildFile; productRef = 224E57FA2C08978F00B71C79 /* SwiftRegex */; };
		224E57FE2C08BBE300B71C79 /* InjectionServer.swift in Sources */ = {isa = PBXBuildFile; fileRef = 224E57FD2C08BBE300B71C79 /* InjectionServer.swift */; };
		224E58002C08BC0E00B71C79 /* MonitorXcode.swift in Sources */ = {isa = PBXBuildFile; fileRef = 224E57FF2C08BC0E00B71C79 /* MonitorXcode.swift */; };
		229127F12C1EEF69005D7625 /* Experimental.swift in Sources */ = {isa = PBXBuildFile; fileRef = CEC17029253ED117002E823F /* Experimental.swift */; };
		22B645A02C18DD9D00F99B61 /* Unhider.swift in Sources */ = {isa = PBXBuildFile; fileRef = 22B6459F2C18DD9D00F99B61 /* Unhider.swift */; };
		22E3D98B2C19009900BB234E /* DLKit in Frameworks */ = {isa = PBXBuildFile; productRef = 22E3D98A2C19009900BB234E /* DLKit */; };
		22E3D98D2C19009900BB234E /* DLKitC in Frameworks */ = {isa = PBXBuildFile; productRef = 22E3D98C2C19009900BB234E /* DLKitC */; };
		BB0CECB02C73C1610000A4E6 /* Quick in Frameworks */ = {isa = PBXBuildFile; productRef = BB0CECAF2C73C1610000A4E6 /* Quick */; };
		BB0CECB32C73C1890000A4E6 /* Nimble in Frameworks */ = {isa = PBXBuildFile; productRef = BB0CECB22C73C1890000A4E6 /* Nimble */; };
		BB16653A25E9A5F2001407AE /* main.m in Sources */ = {isa = PBXBuildFile; fileRef = BB16653925E9A5F0001407AE /* main.m */; };
		BB1E42412DAD02E80085C9B9 /* FileWatcher.swift in Sources */ = {isa = PBXBuildFile; fileRef = BB5155E12CDED9CF00704C7A /* FileWatcher.swift */; };
		BB1E42422DAD02F20085C9B9 /* InjectionBase.swift in Sources */ = {isa = PBXBuildFile; fileRef = BB5155E22CDED9CF00704C7A /* InjectionBase.swift */; };
		BB2D41A72DAD142E0073C203 /* LogParser.swift in Sources */ = {isa = PBXBuildFile; fileRef = BB1E423C2DAD02C60085C9B9 /* LogParser.swift */; };
		BB2D41A82DAD145A0073C203 /* Recompiler.swift in Sources */ = {isa = PBXBuildFile; fileRef = BB1E423D2DAD02C60085C9B9 /* Recompiler.swift */; };
		BB2D41AC2DAD14EA0073C203 /* Popen in Frameworks */ = {isa = PBXBuildFile; productRef = BB2D41AB2DAD14EA0073C203 /* Popen */; };
		BB2D41BE2DAD1BBB0073C203 /* InjectionLite.swift in Sources */ = {isa = PBXBuildFile; fileRef = BB1E423B2DAD02C60085C9B9 /* InjectionLite.swift */; };
		BB4654812C257F110080EC40 /* NextCompiler.swift in Sources */ = {isa = PBXBuildFile; fileRef = BB4654802C257F110080EC40 /* NextCompiler.swift */; };
		BB5155DA2CDED44F00704C7A /* InjectionHybrid.swift in Sources */ = {isa = PBXBuildFile; fileRef = BB5155D92CDED44400704C7A /* InjectionHybrid.swift */; };
		BB5155E02CDED8C600704C7A /* Recompiler.swift in Sources */ = {isa = PBXBuildFile; fileRef = BB5155DF2CDED8C600704C7A /* Recompiler.swift */; };
		BB5155E32CDED9D000704C7A /* InjectionBase.swift in Sources */ = {isa = PBXBuildFile; fileRef = BB5155E22CDED9CF00704C7A /* InjectionBase.swift */; };
		BB5155E42CDED9D000704C7A /* FileWatcher.swift in Sources */ = {isa = PBXBuildFile; fileRef = BB5155E12CDED9CF00704C7A /* FileWatcher.swift */; };
		BB5155E62CDEDAD500704C7A /* LogParser.swift in Sources */ = {isa = PBXBuildFile; fileRef = BB5155E52CDEDAD500704C7A /* LogParser.swift */; };
		BB6A56F02C50E73600C92112 /* Defaults.swift in Sources */ = {isa = PBXBuildFile; fileRef = BB6A56EF2C50E73600C92112 /* Defaults.swift */; };
		BB6A56F12C50E79800C92112 /* copy_bundle.sh in Resources */ = {isa = PBXBuildFile; fileRef = BBDD84582C4FF0B9000F3124 /* copy_bundle.sh */; };
		BB85A42B2D6B9C7B00FA29D0 /* feedcommands in Resources */ = {isa = PBXBuildFile; fileRef = BB85A4242D6B9C5300FA29D0 /* feedcommands */; };
		BB85A42E2D6BA13B00FA29D0 /* SimpleSocket.mm in Sources */ = {isa = PBXBuildFile; fileRef = BB67DBB31FB0CDA8000EAC8A /* SimpleSocket.mm */; };
		BBA082362D6BC33500FFFB2F /* FrontendServer.swift in Sources */ = {isa = PBXBuildFile; fileRef = BBA082352D6BC32D00FFFB2F /* FrontendServer.swift */; };
		BBA082382D6BD6CB00FFFB2F /* swift-frontend.sh in Resources */ = {isa = PBXBuildFile; fileRef = BBA082372D6BD6CB00FFFB2F /* swift-frontend.sh */; };
		BBB040641FB17A6C007DDD0A /* ScriptingBridge.framework in Frameworks */ = {isa = PBXBuildFile; fileRef = BBB040631FB1798A007DDD0A /* ScriptingBridge.framework */; };
		BBB07BC92C7D4CD5009D95CF /* Common.swift in Sources */ = {isa = PBXBuildFile; fileRef = BBDD84262C4FE827000F3124 /* Common.swift */; };
		BBB64DC51FD450AF0020BE47 /* README.md in Resources */ = {isa = PBXBuildFile; fileRef = BB037DF31FAD808B004B267C /* README.md */; };
		BBB64DC61FD450B40020BE47 /* LICENSE in Resources */ = {isa = PBXBuildFile; fileRef = BB037DF41FAD80D0004B267C /* LICENSE */; };
		BBB64DE51FD571310020BE47 /* libz.tbd in Frameworks */ = {isa = PBXBuildFile; fileRef = BBB64DE41FD571300020BE47 /* libz.tbd */; };
		BBB64FEC1FD585D50020BE47 /* WebKit.framework in Frameworks */ = {isa = PBXBuildFile; fileRef = BBB64FEB1FD585D50020BE47 /* WebKit.framework */; };
		BBCA02021FB0F10300E45F0F /* AppDelegate.swift in Sources */ = {isa = PBXBuildFile; fileRef = BBCA02011FB0F10300E45F0F /* AppDelegate.swift */; };
		BBCA02041FB0F10300E45F0F /* Assets.xcassets in Resources */ = {isa = PBXBuildFile; fileRef = BBCA02031FB0F10300E45F0F /* Assets.xcassets */; };
		BBCA02071FB0F10300E45F0F /* MainMenu.xib in Resources */ = {isa = PBXBuildFile; fileRef = BBCA02051FB0F10300E45F0F /* MainMenu.xib */; };
		BBCA022A1FB0F64800E45F0F /* SimpleSocket.mm in Sources */ = {isa = PBXBuildFile; fileRef = BB67DBB31FB0CDA8000EAC8A /* SimpleSocket.mm */; };
		BBCA02591FB112F500E45F0F /* App.icns in Resources */ = {isa = PBXBuildFile; fileRef = BBCA02581FB112F500E45F0F /* App.icns */; };
		BBCA02601FB122C300E45F0F /* InjectionIdle.tif in Resources */ = {isa = PBXBuildFile; fileRef = BBCA025E1FB122C300E45F0F /* InjectionIdle.tif */; };
		BBCA02611FB122C300E45F0F /* InjectionOK.tif in Resources */ = {isa = PBXBuildFile; fileRef = BBCA025F1FB122C300E45F0F /* InjectionOK.tif */; };
		BBCCC3B72C73B6FD00E71F81 /* XCTest.framework in Frameworks */ = {isa = PBXBuildFile; fileRef = BBBEC42D1FC56522004188B3 /* XCTest.framework */; };
		BBDD843F2C4FE8D5000F3124 /* macOSInjection.bundle in Resources */ = {isa = PBXBuildFile; fileRef = BBDD84132C4FE749000F3124 /* macOSInjection.bundle */; };
		BBDD84422C4FEA4E000F3124 /* InjectionNext.swift in Sources */ = {isa = PBXBuildFile; fileRef = BBDD84182C4FE7E6000F3124 /* InjectionNext.swift */; };
		BBDD84432C4FEA52000F3124 /* Common.swift in Sources */ = {isa = PBXBuildFile; fileRef = BBDD84262C4FE827000F3124 /* Common.swift */; };
		BBDD84442C4FEA55000F3124 /* KeyPaths.swift in Sources */ = {isa = PBXBuildFile; fileRef = BBDD842A2C4FE827000F3124 /* KeyPaths.swift */; };
		BBDD84452C4FEA59000F3124 /* Metadata.swift in Sources */ = {isa = PBXBuildFile; fileRef = BBDD84292C4FE827000F3124 /* Metadata.swift */; };
		BBDD84462C4FEA5C000F3124 /* Reloader.swift in Sources */ = {isa = PBXBuildFile; fileRef = BBDD84272C4FE827000F3124 /* Reloader.swift */; };
		BBDD84472C4FEA60000F3124 /* Sweeper.swift in Sources */ = {isa = PBXBuildFile; fileRef = BBDD84282C4FE827000F3124 /* Sweeper.swift */; };
		BBDD84482C4FEA63000F3124 /* Demangling.swift in Sources */ = {isa = PBXBuildFile; fileRef = BBDD841F2C4FE802000F3124 /* Demangling.swift */; };
		BBDD84492C4FEA67000F3124 /* DLKit.swift in Sources */ = {isa = PBXBuildFile; fileRef = BBDD841A2C4FE802000F3124 /* DLKit.swift */; };
		BBDD844A2C4FEA6A000F3124 /* FileSymbols.swift in Sources */ = {isa = PBXBuildFile; fileRef = BBDD841B2C4FE802000F3124 /* FileSymbols.swift */; };
		BBDD844B2C4FEA6D000F3124 /* ImageSymbols.swift in Sources */ = {isa = PBXBuildFile; fileRef = BBDD841E2C4FE802000F3124 /* ImageSymbols.swift */; };
		BBDD844C2C4FEA71000F3124 /* Interposing.swift in Sources */ = {isa = PBXBuildFile; fileRef = BBDD841C2C4FE802000F3124 /* Interposing.swift */; };
		BBDD844D2C4FEA75000F3124 /* Iterators.swift in Sources */ = {isa = PBXBuildFile; fileRef = BBDD841D2C4FE802000F3124 /* Iterators.swift */; };
		BBDD844E2C4FEA7D000F3124 /* InjectionBoot.mm in Sources */ = {isa = PBXBuildFile; fileRef = BBDD843A2C4FE892000F3124 /* InjectionBoot.mm */; };
		BBDD844F2C4FEA81000F3124 /* fishhook.c in Sources */ = {isa = PBXBuildFile; fileRef = BBDD84382C4FE880000F3124 /* fishhook.c */; };
		BBDD84502C4FEA86000F3124 /* DLKitC.c in Sources */ = {isa = PBXBuildFile; fileRef = BBDD84302C4FE849000F3124 /* DLKitC.c */; };
		BBDD84512C4FEA8B000F3124 /* trie_dladdr.mm in Sources */ = {isa = PBXBuildFile; fileRef = BBDD84312C4FE849000F3124 /* trie_dladdr.mm */; };
		BBDD84522C4FEA8F000F3124 /* trie_dlops.mm in Sources */ = {isa = PBXBuildFile; fileRef = BBDD84322C4FE849000F3124 /* trie_dlops.mm */; };
		BBDD84542C4FEB16000F3124 /* TupleRegex.swift in Sources */ = {isa = PBXBuildFile; fileRef = BBDD84532C4FEB16000F3124 /* TupleRegex.swift */; };
		BBDD84552C4FEC98000F3124 /* SimpleSocket.mm in Sources */ = {isa = PBXBuildFile; fileRef = BB67DBB31FB0CDA8000EAC8A /* SimpleSocket.mm */; };
		BBDD845A2C4FF646000F3124 /* ClientBoot.mm in Sources */ = {isa = PBXBuildFile; fileRef = BBDD84592C4FF645000F3124 /* ClientBoot.mm */; };
		BBE490DB1FB2C643003D41BB /* InjectionBusy.tif in Resources */ = {isa = PBXBuildFile; fileRef = BBE490D91FB2C643003D41BB /* InjectionBusy.tif */; };
		BBE490DC1FB2C643003D41BB /* InjectionError.tif in Resources */ = {isa = PBXBuildFile; fileRef = BBE490DA1FB2C643003D41BB /* InjectionError.tif */; };
		BBEB87122C74FD930044578A /* Quick in Frameworks */ = {isa = PBXBuildFile; productRef = BBEB87112C74FD930044578A /* Quick */; };
		BBF6572E2DAFF00200638170 /* NIMBLE.md in Resources */ = {isa = PBXBuildFile; fileRef = BBF6572C2DAFF00200638170 /* NIMBLE.md */; };
		BBF6572F2DAFF00200638170 /* QUICK.md in Resources */ = {isa = PBXBuildFile; fileRef = BBF6572D2DAFF00200638170 /* QUICK.md */; };
/* End PBXBuildFile section */

/* Begin PBXContainerItemProxy section */
		BB85A42C2D6B9CA200FA29D0 /* PBXContainerItemProxy */ = {
			isa = PBXContainerItemProxy;
			containerPortal = BB439B5D1FABA64300B4F50B /* Project object */;
			proxyType = 1;
			remoteGlobalIDString = BB85A4232D6B9C5300FA29D0;
			remoteInfo = feedcommands;
		};
		BBDD843D2C4FE8C5000F3124 /* PBXContainerItemProxy */ = {
			isa = PBXContainerItemProxy;
			containerPortal = BB439B5D1FABA64300B4F50B /* Project object */;
			proxyType = 1;
			remoteGlobalIDString = BBDD84122C4FE749000F3124;
			remoteInfo = InjectionBundle;
		};
/* End PBXContainerItemProxy section */

/* Begin PBXCopyFilesBuildPhase section */
		BB6224721FC5BA6F00AD7A3A /* CopyFiles */ = {
			isa = PBXCopyFilesBuildPhase;
			buildActionMask = 2147483647;
			dstPath = Contents/Library/LaunchServices;
			dstSubfolderSpec = 1;
			files = (
			);
			runOnlyForDeploymentPostprocessing = 0;
		};
		BB6C87DB2520D0D3005AFCFC /* Embed Frameworks */ = {
			isa = PBXCopyFilesBuildPhase;
			buildActionMask = 2147483647;
			dstPath = "";
			dstSubfolderSpec = 10;
			files = (
			);
			name = "Embed Frameworks";
			runOnlyForDeploymentPostprocessing = 0;
		};
		BB85A4222D6B9C5300FA29D0 /* CopyFiles */ = {
			isa = PBXCopyFilesBuildPhase;
			buildActionMask = 2147483647;
			dstPath = /usr/share/man/man1/;
			dstSubfolderSpec = 0;
			files = (
			);
			runOnlyForDeploymentPostprocessing = 1;
		};
/* End PBXCopyFilesBuildPhase section */

/* Begin PBXFileReference section */
		222BC9442C157C3200780A41 /* InjectionReady.tif */ = {isa = PBXFileReference; lastKnownFileType = image.tiff; path = InjectionReady.tif; sourceTree = "<group>"; };
		224E57FC2C08BAE200B71C79 /* InjectionClient.h */ = {isa = PBXFileReference; fileEncoding = 4; lastKnownFileType = sourcecode.c.h; name = InjectionClient.h; path = ../../Sources/InjectionNextC/include/InjectionClient.h; sourceTree = "<group>"; };
		224E57FD2C08BBE300B71C79 /* InjectionServer.swift */ = {isa = PBXFileReference; lastKnownFileType = sourcecode.swift; path = InjectionServer.swift; sourceTree = "<group>"; };
		224E57FF2C08BC0E00B71C79 /* MonitorXcode.swift */ = {isa = PBXFileReference; lastKnownFileType = sourcecode.swift; path = MonitorXcode.swift; sourceTree = "<group>"; };
		22B6459F2C18DD9D00F99B61 /* Unhider.swift */ = {isa = PBXFileReference; lastKnownFileType = sourcecode.swift; path = Unhider.swift; sourceTree = "<group>"; };
		BB037DF31FAD808B004B267C /* README.md */ = {isa = PBXFileReference; lastKnownFileType = net.daringfireball.markdown; name = README.md; path = ../README.md; sourceTree = "<group>"; };
		BB037DF41FAD80D0004B267C /* LICENSE */ = {isa = PBXFileReference; fileEncoding = 4; lastKnownFileType = text; path = LICENSE; sourceTree = "<group>"; };
		BB16653925E9A5F0001407AE /* main.m */ = {isa = PBXFileReference; fileEncoding = 4; lastKnownFileType = sourcecode.c.objc; path = main.m; sourceTree = "<group>"; };
		BB1E423B2DAD02C60085C9B9 /* InjectionLite.swift */ = {isa = PBXFileReference; lastKnownFileType = sourcecode.swift; name = InjectionLite.swift; path = ../InjectionLite/Sources/InjectionLite/InjectionLite.swift; sourceTree = SOURCE_ROOT; };
		BB1E423C2DAD02C60085C9B9 /* LogParser.swift */ = {isa = PBXFileReference; lastKnownFileType = sourcecode.swift; name = LogParser.swift; path = ../InjectionLite/Sources/InjectionLite/LogParser.swift; sourceTree = SOURCE_ROOT; };
		BB1E423D2DAD02C60085C9B9 /* Recompiler.swift */ = {isa = PBXFileReference; lastKnownFileType = sourcecode.swift; name = Recompiler.swift; path = ../InjectionLite/Sources/InjectionLite/Recompiler.swift; sourceTree = SOURCE_ROOT; };
		BB4654802C257F110080EC40 /* NextCompiler.swift */ = {isa = PBXFileReference; lastKnownFileType = sourcecode.swift; path = NextCompiler.swift; sourceTree = "<group>"; };
		BB5155D92CDED44400704C7A /* InjectionHybrid.swift */ = {isa = PBXFileReference; lastKnownFileType = sourcecode.swift; path = InjectionHybrid.swift; sourceTree = "<group>"; };
		BB5155DF2CDED8C600704C7A /* Recompiler.swift */ = {isa = PBXFileReference; lastKnownFileType = sourcecode.swift; name = Recompiler.swift; path = ../InjectionLite/Sources/InjectionLite/Recompiler.swift; sourceTree = SOURCE_ROOT; };
		BB5155E12CDED9CF00704C7A /* FileWatcher.swift */ = {isa = PBXFileReference; lastKnownFileType = sourcecode.swift; name = FileWatcher.swift; path = ../InjectionLite/Sources/InjectionLite/FileWatcher.swift; sourceTree = SOURCE_ROOT; };
		BB5155E22CDED9CF00704C7A /* InjectionBase.swift */ = {isa = PBXFileReference; lastKnownFileType = sourcecode.swift; name = InjectionBase.swift; path = ../InjectionLite/Sources/InjectionLite/InjectionBase.swift; sourceTree = SOURCE_ROOT; };
		BB5155E52CDEDAD500704C7A /* LogParser.swift */ = {isa = PBXFileReference; lastKnownFileType = sourcecode.swift; name = LogParser.swift; path = ../InjectionLite/Sources/InjectionLite/LogParser.swift; sourceTree = SOURCE_ROOT; };
		BB67DBB21FB0CDA8000EAC8A /* SimpleSocket.h */ = {isa = PBXFileReference; lastKnownFileType = sourcecode.c.h; name = SimpleSocket.h; path = ../../Sources/InjectionNextC/include/SimpleSocket.h; sourceTree = "<group>"; };
		BB67DBB31FB0CDA8000EAC8A /* SimpleSocket.mm */ = {isa = PBXFileReference; lastKnownFileType = sourcecode.cpp.objcpp; name = SimpleSocket.mm; path = ../../Sources/InjectionNextC/SimpleSocket.mm; sourceTree = "<group>"; };
		BB6A56EF2C50E73600C92112 /* Defaults.swift */ = {isa = PBXFileReference; lastKnownFileType = sourcecode.swift; path = Defaults.swift; sourceTree = "<group>"; };
		BB6A56F22C51154F00C92112 /* InjectionBundle-Bridging-Header.h */ = {isa = PBXFileReference; fileEncoding = 4; lastKnownFileType = sourcecode.c.h; path = "InjectionBundle-Bridging-Header.h"; sourceTree = "<group>"; };
		BB85A4242D6B9C5300FA29D0 /* feedcommands */ = {isa = PBXFileReference; explicitFileType = "compiled.mach-o.executable"; includeInIndex = 0; path = feedcommands; sourceTree = BUILT_PRODUCTS_DIR; };
		BBA082352D6BC32D00FFFB2F /* FrontendServer.swift */ = {isa = PBXFileReference; lastKnownFileType = sourcecode.swift; path = FrontendServer.swift; sourceTree = "<group>"; };
		BBA082372D6BD6CB00FFFB2F /* swift-frontend.sh */ = {isa = PBXFileReference; lastKnownFileType = text.script.sh; path = "swift-frontend.sh"; sourceTree = "<group>"; };
		BBB040631FB1798A007DDD0A /* ScriptingBridge.framework */ = {isa = PBXFileReference; lastKnownFileType = wrapper.framework; name = ScriptingBridge.framework; path = Platforms/MacOSX.platform/Developer/SDKs/MacOSX10.13.sdk/System/Library/Frameworks/ScriptingBridge.framework; sourceTree = DEVELOPER_DIR; };
		BBB64DE41FD571300020BE47 /* libz.tbd */ = {isa = PBXFileReference; lastKnownFileType = "sourcecode.text-based-dylib-definition"; name = libz.tbd; path = Platforms/MacOSX.platform/Developer/SDKs/MacOSX10.13.sdk/usr/lib/libz.tbd; sourceTree = DEVELOPER_DIR; };
		BBB64FEB1FD585D50020BE47 /* WebKit.framework */ = {isa = PBXFileReference; lastKnownFileType = wrapper.framework; name = WebKit.framework; path = Platforms/MacOSX.platform/Developer/SDKs/MacOSX10.13.sdk/System/Library/Frameworks/WebKit.framework; sourceTree = DEVELOPER_DIR; };
		BBBEC42D1FC56522004188B3 /* XCTest.framework */ = {isa = PBXFileReference; lastKnownFileType = wrapper.framework; name = XCTest.framework; path = Platforms/MacOSX.platform/Developer/Library/Frameworks/XCTest.framework; sourceTree = DEVELOPER_DIR; };
		BBCA01FE1FB0F10300E45F0F /* InjectionNext.app */ = {isa = PBXFileReference; explicitFileType = wrapper.application; includeInIndex = 0; path = InjectionNext.app; sourceTree = BUILT_PRODUCTS_DIR; };
		BBCA02011FB0F10300E45F0F /* AppDelegate.swift */ = {isa = PBXFileReference; lastKnownFileType = sourcecode.swift; path = AppDelegate.swift; sourceTree = "<group>"; };
		BBCA02031FB0F10300E45F0F /* Assets.xcassets */ = {isa = PBXFileReference; lastKnownFileType = folder.assetcatalog; path = Assets.xcassets; sourceTree = "<group>"; };
		BBCA02061FB0F10300E45F0F /* Base */ = {isa = PBXFileReference; lastKnownFileType = file.xib; name = Base; path = Base.lproj/MainMenu.xib; sourceTree = "<group>"; };
		BBCA02081FB0F10400E45F0F /* Info.plist */ = {isa = PBXFileReference; lastKnownFileType = text.plist.xml; path = Info.plist; sourceTree = "<group>"; };
		BBCA020B1FB0F10400E45F0F /* InjectionNext.entitlements */ = {isa = PBXFileReference; lastKnownFileType = text.plist.entitlements; path = InjectionNext.entitlements; sourceTree = "<group>"; };
		BBCA02581FB112F500E45F0F /* App.icns */ = {isa = PBXFileReference; lastKnownFileType = image.icns; path = App.icns; sourceTree = "<group>"; };
		BBCA025E1FB122C300E45F0F /* InjectionIdle.tif */ = {isa = PBXFileReference; lastKnownFileType = image.tiff; path = InjectionIdle.tif; sourceTree = "<group>"; };
		BBCA025F1FB122C300E45F0F /* InjectionOK.tif */ = {isa = PBXFileReference; lastKnownFileType = image.tiff; path = InjectionOK.tif; sourceTree = "<group>"; };
		BBCCC3B02C73A6AD00E71F81 /* XCTest.framework */ = {isa = PBXFileReference; lastKnownFileType = wrapper.framework; name = XCTest.framework; path = Platforms/WatchOS.platform/Developer/Library/Frameworks/XCTest.framework; sourceTree = DEVELOPER_DIR; };
		BBDD84132C4FE749000F3124 /* macOSInjection.bundle */ = {isa = PBXFileReference; explicitFileType = wrapper.cfbundle; includeInIndex = 0; path = macOSInjection.bundle; sourceTree = BUILT_PRODUCTS_DIR; };
		BBDD84182C4FE7E6000F3124 /* InjectionNext.swift */ = {isa = PBXFileReference; fileEncoding = 4; lastKnownFileType = sourcecode.swift; name = InjectionNext.swift; path = ../../Sources/InjectionNext/InjectionNext.swift; sourceTree = "<group>"; };
		BBDD841A2C4FE802000F3124 /* DLKit.swift */ = {isa = PBXFileReference; fileEncoding = 4; lastKnownFileType = sourcecode.swift; name = DLKit.swift; path = ../../DLKit/Sources/DLKit/DLKit.swift; sourceTree = "<group>"; };
		BBDD841B2C4FE802000F3124 /* FileSymbols.swift */ = {isa = PBXFileReference; fileEncoding = 4; lastKnownFileType = sourcecode.swift; name = FileSymbols.swift; path = ../../DLKit/Sources/DLKit/FileSymbols.swift; sourceTree = "<group>"; };
		BBDD841C2C4FE802000F3124 /* Interposing.swift */ = {isa = PBXFileReference; fileEncoding = 4; lastKnownFileType = sourcecode.swift; name = Interposing.swift; path = ../../DLKit/Sources/DLKit/Interposing.swift; sourceTree = "<group>"; };
		BBDD841D2C4FE802000F3124 /* Iterators.swift */ = {isa = PBXFileReference; fileEncoding = 4; lastKnownFileType = sourcecode.swift; name = Iterators.swift; path = ../../DLKit/Sources/DLKit/Iterators.swift; sourceTree = "<group>"; };
		BBDD841E2C4FE802000F3124 /* ImageSymbols.swift */ = {isa = PBXFileReference; fileEncoding = 4; lastKnownFileType = sourcecode.swift; name = ImageSymbols.swift; path = ../../DLKit/Sources/DLKit/ImageSymbols.swift; sourceTree = "<group>"; };
		BBDD841F2C4FE802000F3124 /* Demangling.swift */ = {isa = PBXFileReference; fileEncoding = 4; lastKnownFileType = sourcecode.swift; name = Demangling.swift; path = ../../DLKit/Sources/DLKit/Demangling.swift; sourceTree = "<group>"; };
		BBDD84262C4FE827000F3124 /* Common.swift */ = {isa = PBXFileReference; fileEncoding = 4; lastKnownFileType = sourcecode.swift; name = Common.swift; path = ../../InjectionLite/Sources/InjectionImpl/Common.swift; sourceTree = "<group>"; };
		BBDD84272C4FE827000F3124 /* Reloader.swift */ = {isa = PBXFileReference; fileEncoding = 4; lastKnownFileType = sourcecode.swift; name = Reloader.swift; path = ../../InjectionLite/Sources/InjectionImpl/Reloader.swift; sourceTree = "<group>"; };
		BBDD84282C4FE827000F3124 /* Sweeper.swift */ = {isa = PBXFileReference; fileEncoding = 4; lastKnownFileType = sourcecode.swift; name = Sweeper.swift; path = ../../InjectionLite/Sources/InjectionImpl/Sweeper.swift; sourceTree = "<group>"; };
		BBDD84292C4FE827000F3124 /* Metadata.swift */ = {isa = PBXFileReference; fileEncoding = 4; lastKnownFileType = sourcecode.swift; name = Metadata.swift; path = ../../InjectionLite/Sources/InjectionImpl/Metadata.swift; sourceTree = "<group>"; };
		BBDD842A2C4FE827000F3124 /* KeyPaths.swift */ = {isa = PBXFileReference; fileEncoding = 4; lastKnownFileType = sourcecode.swift; name = KeyPaths.swift; path = ../../InjectionLite/Sources/InjectionImpl/KeyPaths.swift; sourceTree = "<group>"; };
		BBDD84302C4FE849000F3124 /* DLKitC.c */ = {isa = PBXFileReference; fileEncoding = 4; lastKnownFileType = sourcecode.c.c; name = DLKitC.c; path = ../../DLKit/Sources/DLKitC/DLKitC.c; sourceTree = "<group>"; };
		BBDD84312C4FE849000F3124 /* trie_dladdr.mm */ = {isa = PBXFileReference; fileEncoding = 4; lastKnownFileType = sourcecode.cpp.objcpp; name = trie_dladdr.mm; path = ../../DLKit/Sources/DLKitC/trie_dladdr.mm; sourceTree = "<group>"; };
		BBDD84322C4FE849000F3124 /* trie_dlops.mm */ = {isa = PBXFileReference; fileEncoding = 4; lastKnownFileType = sourcecode.cpp.objcpp; name = trie_dlops.mm; path = ../../DLKit/Sources/DLKitC/trie_dlops.mm; sourceTree = "<group>"; };
		BBDD84362C4FE863000F3124 /* DLKitC.h */ = {isa = PBXFileReference; fileEncoding = 4; lastKnownFileType = sourcecode.c.h; name = DLKitC.h; path = ../../DLKit/Sources/DLKitC/include/DLKitC.h; sourceTree = "<group>"; };
		BBDD84372C4FE880000F3124 /* fishhook.h */ = {isa = PBXFileReference; fileEncoding = 4; lastKnownFileType = sourcecode.c.h; name = fishhook.h; path = ../../fishhook/fishhook.h; sourceTree = "<group>"; };
		BBDD84382C4FE880000F3124 /* fishhook.c */ = {isa = PBXFileReference; fileEncoding = 4; lastKnownFileType = sourcecode.c.c; name = fishhook.c; path = ../../fishhook/fishhook.c; sourceTree = "<group>"; };
		BBDD843A2C4FE892000F3124 /* InjectionBoot.mm */ = {isa = PBXFileReference; fileEncoding = 4; lastKnownFileType = sourcecode.cpp.objcpp; name = InjectionBoot.mm; path = ../../InjectionLite/Sources/InjectionImplC/InjectionBoot.mm; sourceTree = "<group>"; };
		BBDD843C2C4FE8A9000F3124 /* InjectionImplC.h */ = {isa = PBXFileReference; fileEncoding = 4; lastKnownFileType = sourcecode.c.h; name = InjectionImplC.h; path = ../../InjectionLite/Sources/InjectionImplC/include/InjectionImplC.h; sourceTree = "<group>"; };
		BBDD84532C4FEB16000F3124 /* TupleRegex.swift */ = {isa = PBXFileReference; fileEncoding = 4; lastKnownFileType = sourcecode.swift; name = TupleRegex.swift; path = ../../SwiftRegex5/SwiftRegex5.playground/Sources/TupleRegex.swift; sourceTree = "<group>"; };
		BBDD84562C4FED60000F3124 /* build_bundles.sh */ = {isa = PBXFileReference; lastKnownFileType = text.script.sh; path = build_bundles.sh; sourceTree = "<group>"; };
		BBDD84582C4FF0B9000F3124 /* copy_bundle.sh */ = {isa = PBXFileReference; lastKnownFileType = text.script.sh; path = copy_bundle.sh; sourceTree = "<group>"; };
		BBDD84592C4FF645000F3124 /* ClientBoot.mm */ = {isa = PBXFileReference; fileEncoding = 4; lastKnownFileType = sourcecode.cpp.objcpp; name = ClientBoot.mm; path = ../../Sources/InjectionNextC/ClientBoot.mm; sourceTree = "<group>"; };
		BBDF943C2349277A00334E08 /* InjectionNext-Bridging-Header.h */ = {isa = PBXFileReference; fileEncoding = 4; lastKnownFileType = sourcecode.c.h; path = "InjectionNext-Bridging-Header.h"; sourceTree = "<group>"; };
		BBE490D91FB2C643003D41BB /* InjectionBusy.tif */ = {isa = PBXFileReference; lastKnownFileType = image.tiff; path = InjectionBusy.tif; sourceTree = "<group>"; };
		BBE490DA1FB2C643003D41BB /* InjectionError.tif */ = {isa = PBXFileReference; lastKnownFileType = image.tiff; path = InjectionError.tif; sourceTree = "<group>"; };
		BBF6572C2DAFF00200638170 /* NIMBLE.md */ = {isa = PBXFileReference; lastKnownFileType = net.daringfireball.markdown; path = NIMBLE.md; sourceTree = "<group>"; };
		BBF6572D2DAFF00200638170 /* QUICK.md */ = {isa = PBXFileReference; lastKnownFileType = net.daringfireball.markdown; path = QUICK.md; sourceTree = "<group>"; };
		CEC17029253ED117002E823F /* Experimental.swift */ = {isa = PBXFileReference; lastKnownFileType = sourcecode.swift; path = Experimental.swift; sourceTree = "<group>"; };
/* End PBXFileReference section */

/* Begin PBXFileSystemSynchronizedRootGroup section */
		BB85A4252D6B9C5300FA29D0 /* feedcommands */ = {isa = PBXFileSystemSynchronizedRootGroup; explicitFileTypes = {}; explicitFolders = (); path = feedcommands; sourceTree = "<group>"; };
/* End PBXFileSystemSynchronizedRootGroup section */

/* Begin PBXFrameworksBuildPhase section */
		BB85A4212D6B9C5300FA29D0 /* Frameworks */ = {
			isa = PBXFrameworksBuildPhase;
			buildActionMask = 2147483647;
			files = (
			);
			runOnlyForDeploymentPostprocessing = 0;
		};
		BBCA01FB1FB0F10300E45F0F /* Frameworks */ = {
			isa = PBXFrameworksBuildPhase;
			buildActionMask = 2147483647;
			files = (
				2217BE812C0A65C20032A832 /* Fortify in Frameworks */,
				22E3D98D2C19009900BB234E /* DLKitC in Frameworks */,
				BBB64FEC1FD585D50020BE47 /* WebKit.framework in Frameworks */,
				22E3D98B2C19009900BB234E /* DLKit in Frameworks */,
				BBB040641FB17A6C007DDD0A /* ScriptingBridge.framework in Frameworks */,
				224E57FB2C08978F00B71C79 /* SwiftRegex in Frameworks */,
				BBB64DE51FD571310020BE47 /* libz.tbd in Frameworks */,
				BB2D41AC2DAD14EA0073C203 /* Popen in Frameworks */,
			);
			runOnlyForDeploymentPostprocessing = 0;
		};
		BBDD84102C4FE749000F3124 /* Frameworks */ = {
			isa = PBXFrameworksBuildPhase;
			buildActionMask = 2147483647;
			files = (
				BB0CECB02C73C1610000A4E6 /* Quick in Frameworks */,
				BBEB87122C74FD930044578A /* Quick in Frameworks */,
				BB0CECB32C73C1890000A4E6 /* Nimble in Frameworks */,
				BBCCC3B72C73B6FD00E71F81 /* XCTest.framework in Frameworks */,
			);
			runOnlyForDeploymentPostprocessing = 0;
		};
/* End PBXFrameworksBuildPhase section */

/* Begin PBXGroup section */
		BB439B5C1FABA64300B4F50B = {
			isa = PBXGroup;
			children = (
				BB037DF41FAD80D0004B267C /* LICENSE */,
				BBF6572D2DAFF00200638170 /* QUICK.md */,
				BBF6572C2DAFF00200638170 /* NIMBLE.md */,
				BB037DF31FAD808B004B267C /* README.md */,
				BBCA01FF1FB0F10300E45F0F /* InjectionNext */,
				BBDD84172C4FE79E000F3124 /* InjectionBundle */,
				BB85A4252D6B9C5300FA29D0 /* feedcommands */,
				BB439B661FABA64300B4F50B /* Products */,
				BBB040621FB1798A007DDD0A /* Frameworks */,
			);
			indentWidth = 4;
			sourceTree = "<group>";
			tabWidth = 4;
		};
		BB439B661FABA64300B4F50B /* Products */ = {
			isa = PBXGroup;
			children = (
				BBCA01FE1FB0F10300E45F0F /* InjectionNext.app */,
				BBDD84132C4FE749000F3124 /* macOSInjection.bundle */,
				BB85A4242D6B9C5300FA29D0 /* feedcommands */,
			);
			name = Products;
			sourceTree = "<group>";
		};
		BBB040621FB1798A007DDD0A /* Frameworks */ = {
			isa = PBXGroup;
			children = (
				BBCCC3B02C73A6AD00E71F81 /* XCTest.framework */,
				BBB64FEB1FD585D50020BE47 /* WebKit.framework */,
				BBB64DE41FD571300020BE47 /* libz.tbd */,
				BBBEC42D1FC56522004188B3 /* XCTest.framework */,
				BBB040631FB1798A007DDD0A /* ScriptingBridge.framework */,
			);
			name = Frameworks;
			sourceTree = "<group>";
		};
		BBCA01FF1FB0F10300E45F0F /* InjectionNext */ = {
			isa = PBXGroup;
			children = (
				BB16653925E9A5F0001407AE /* main.m */,
				BBCA02011FB0F10300E45F0F /* AppDelegate.swift */,
				BB4654802C257F110080EC40 /* NextCompiler.swift */,
				224E57FF2C08BC0E00B71C79 /* MonitorXcode.swift */,
				224E57FD2C08BBE300B71C79 /* InjectionServer.swift */,
				BB5155D92CDED44400704C7A /* InjectionHybrid.swift */,
				BBA082352D6BC32D00FFFB2F /* FrontendServer.swift */,
				CEC17029253ED117002E823F /* Experimental.swift */,
				BB6A56EF2C50E73600C92112 /* Defaults.swift */,
				22B6459F2C18DD9D00F99B61 /* Unhider.swift */,
				BB5155E22CDED9CF00704C7A /* InjectionBase.swift */,
				BB5155E12CDED9CF00704C7A /* FileWatcher.swift */,
				BB5155DF2CDED8C600704C7A /* Recompiler.swift */,
				BB5155E52CDEDAD500704C7A /* LogParser.swift */,
				224E57FC2C08BAE200B71C79 /* InjectionClient.h */,
				BB67DBB21FB0CDA8000EAC8A /* SimpleSocket.h */,
				BB67DBB31FB0CDA8000EAC8A /* SimpleSocket.mm */,
				BBCA02031FB0F10300E45F0F /* Assets.xcassets */,
				BBCA025E1FB122C300E45F0F /* InjectionIdle.tif */,
				222BC9442C157C3200780A41 /* InjectionReady.tif */,
				BBCA025F1FB122C300E45F0F /* InjectionOK.tif */,
				BBE490D91FB2C643003D41BB /* InjectionBusy.tif */,
				BBE490DA1FB2C643003D41BB /* InjectionError.tif */,
				BBCA02051FB0F10300E45F0F /* MainMenu.xib */,
				BBCA02081FB0F10400E45F0F /* Info.plist */,
				BBCA02581FB112F500E45F0F /* App.icns */,
				BBCA020B1FB0F10400E45F0F /* InjectionNext.entitlements */,
				BBDF943C2349277A00334E08 /* InjectionNext-Bridging-Header.h */,
				BBDD84562C4FED60000F3124 /* build_bundles.sh */,
				BBDD84582C4FF0B9000F3124 /* copy_bundle.sh */,
				BBA082372D6BD6CB00FFFB2F /* swift-frontend.sh */,
			);
			path = InjectionNext;
			sourceTree = "<group>";
		};
		BBDD84172C4FE79E000F3124 /* InjectionBundle */ = {
			isa = PBXGroup;
			children = (
				BBDD84592C4FF645000F3124 /* ClientBoot.mm */,
				BBDD843A2C4FE892000F3124 /* InjectionBoot.mm */,
				BBDD84182C4FE7E6000F3124 /* InjectionNext.swift */,
				BBDD84262C4FE827000F3124 /* Common.swift */,
				BBDD842A2C4FE827000F3124 /* KeyPaths.swift */,
				BBDD84292C4FE827000F3124 /* Metadata.swift */,
				BBDD84272C4FE827000F3124 /* Reloader.swift */,
				BBDD84282C4FE827000F3124 /* Sweeper.swift */,
				BBDD841A2C4FE802000F3124 /* DLKit.swift */,
				BBDD841F2C4FE802000F3124 /* Demangling.swift */,
				BBDD841B2C4FE802000F3124 /* FileSymbols.swift */,
				BBDD841E2C4FE802000F3124 /* ImageSymbols.swift */,
				BBDD841C2C4FE802000F3124 /* Interposing.swift */,
				BBDD841D2C4FE802000F3124 /* Iterators.swift */,
				BBDD84532C4FEB16000F3124 /* TupleRegex.swift */,
				BB1E423B2DAD02C60085C9B9 /* InjectionLite.swift */,
				BB1E423D2DAD02C60085C9B9 /* Recompiler.swift */,
				BB1E423C2DAD02C60085C9B9 /* LogParser.swift */,
				BBDD843C2C4FE8A9000F3124 /* InjectionImplC.h */,
				BBDD84382C4FE880000F3124 /* fishhook.c */,
				BBDD84372C4FE880000F3124 /* fishhook.h */,
				BBDD84302C4FE849000F3124 /* DLKitC.c */,
				BBDD84362C4FE863000F3124 /* DLKitC.h */,
				BBDD84312C4FE849000F3124 /* trie_dladdr.mm */,
				BBDD84322C4FE849000F3124 /* trie_dlops.mm */,
				BB6A56F22C51154F00C92112 /* InjectionBundle-Bridging-Header.h */,
			);
			path = InjectionBundle;
			sourceTree = "<group>";
		};
/* End PBXGroup section */

/* Begin PBXNativeTarget section */
		BB85A4232D6B9C5300FA29D0 /* feedcommands */ = {
			isa = PBXNativeTarget;
			buildConfigurationList = BB85A42A2D6B9C5300FA29D0 /* Build configuration list for PBXNativeTarget "feedcommands" */;
			buildPhases = (
				BB85A4202D6B9C5300FA29D0 /* Sources */,
				BB85A4212D6B9C5300FA29D0 /* Frameworks */,
				BB85A4222D6B9C5300FA29D0 /* CopyFiles */,
			);
			buildRules = (
			);
			dependencies = (
			);
			fileSystemSynchronizedGroups = (
				BB85A4252D6B9C5300FA29D0 /* feedcommands */,
			);
			name = feedcommands;
			packageProductDependencies = (
			);
			productName = feedcommands;
			productReference = BB85A4242D6B9C5300FA29D0 /* feedcommands */;
			productType = "com.apple.product-type.tool";
		};
		BBCA01FD1FB0F10300E45F0F /* InjectionNext */ = {
			isa = PBXNativeTarget;
			buildConfigurationList = BBCA020C1FB0F10400E45F0F /* Build configuration list for PBXNativeTarget "InjectionNext" */;
			buildPhases = (
				22240ECB2C0C7178004DCBAD /* Run Script */,
				BBCA01FA1FB0F10300E45F0F /* Sources */,
				BBCA01FB1FB0F10300E45F0F /* Frameworks */,
				BBCA01FC1FB0F10300E45F0F /* Resources */,
				BB6224721FC5BA6F00AD7A3A /* CopyFiles */,
				BB6C87DB2520D0D3005AFCFC /* Embed Frameworks */,
				BBDD84572C4FED87000F3124 /* ShellScript */,
			);
			buildRules = (
			);
			dependencies = (
				BB85A42D2D6B9CA200FA29D0 /* PBXTargetDependency */,
				BBDD843E2C4FE8C5000F3124 /* PBXTargetDependency */,
			);
			name = InjectionNext;
			packageProductDependencies = (
				224E57FA2C08978F00B71C79 /* SwiftRegex */,
				2217BE802C0A65C20032A832 /* Fortify */,
				22E3D98A2C19009900BB234E /* DLKit */,
				22E3D98C2C19009900BB234E /* DLKitC */,
				BB2D41AB2DAD14EA0073C203 /* Popen */,
			);
			productName = InjectionIII;
			productReference = BBCA01FE1FB0F10300E45F0F /* InjectionNext.app */;
			productType = "com.apple.product-type.application";
		};
		BBDD84122C4FE749000F3124 /* InjectionBundle */ = {
			isa = PBXNativeTarget;
			buildConfigurationList = BBDD84162C4FE749000F3124 /* Build configuration list for PBXNativeTarget "InjectionBundle" */;
			buildPhases = (
				BBDD840F2C4FE749000F3124 /* Sources */,
				BBDD84102C4FE749000F3124 /* Frameworks */,
				BBDD84112C4FE749000F3124 /* Resources */,
			);
			buildRules = (
			);
			dependencies = (
				BB2D41AE2DAD15220073C203 /* PBXTargetDependency */,
			);
			name = InjectionBundle;
			productName = InjectionBundle;
			productReference = BBDD84132C4FE749000F3124 /* macOSInjection.bundle */;
			productType = "com.apple.product-type.bundle";
		};
/* End PBXNativeTarget section */

/* Begin PBXProject section */
		BB439B5D1FABA64300B4F50B /* Project object */ = {
			isa = PBXProject;
			attributes = {
				LastSwiftUpdateCheck = 1150;
				LastUpgradeCheck = 0910;
				ORGANIZATIONNAME = "John Holdsworth";
				TargetAttributes = {
					BB85A4232D6B9C5300FA29D0 = {
						CreatedOnToolsVersion = 16.3;
					};
					BBCA01FD1FB0F10300E45F0F = {
						CreatedOnToolsVersion = 9.0.1;
						LastSwiftMigration = 1110;
						ProvisioningStyle = Manual;
						SystemCapabilities = {
							com.apple.Sandbox = {
								enabled = 1;
							};
						};
					};
					BBDD84122C4FE749000F3124 = {
						CreatedOnToolsVersion = 15.2;
					};
				};
			};
			buildConfigurationList = BB439B601FABA64300B4F50B /* Build configuration list for PBXProject "InjectionNext" */;
			compatibilityVersion = "Xcode 8.0";
			developmentRegion = en;
			hasScannedForEncodings = 0;
			knownRegions = (
				en,
				Base,
			);
			mainGroup = BB439B5C1FABA64300B4F50B;
			packageReferences = (
				224E57F92C08978F00B71C79 /* XCRemoteSwiftPackageReference "SwiftRegex5" */,
				2217BE7F2C0A65C20032A832 /* XCRemoteSwiftPackageReference "Fortify" */,
				22E3D9892C19009900BB234E /* XCRemoteSwiftPackageReference "DLKit" */,
				BB0CECB12C73C1890000A4E6 /* XCRemoteSwiftPackageReference "Nimble" */,
				BBEB87102C74FD930044578A /* XCRemoteSwiftPackageReference "Quick" */,
				BB2D41A42DAD10110073C203 /* XCRemoteSwiftPackageReference "Popen" */,
			);
			productRefGroup = BB439B661FABA64300B4F50B /* Products */;
			projectDirPath = "";
			projectRoot = "";
			targets = (
				BBCA01FD1FB0F10300E45F0F /* InjectionNext */,
				BBDD84122C4FE749000F3124 /* InjectionBundle */,
				BB85A4232D6B9C5300FA29D0 /* feedcommands */,
			);
		};
/* End PBXProject section */

/* Begin PBXResourcesBuildPhase section */
		BBCA01FC1FB0F10300E45F0F /* Resources */ = {
			isa = PBXResourcesBuildPhase;
			buildActionMask = 2147483647;
			files = (
				BB85A42B2D6B9C7B00FA29D0 /* feedcommands in Resources */,
				BBDD843F2C4FE8D5000F3124 /* macOSInjection.bundle in Resources */,
				BBA082382D6BD6CB00FFFB2F /* swift-frontend.sh in Resources */,
				BB6A56F12C50E79800C92112 /* copy_bundle.sh in Resources */,
				BBB64DC61FD450B40020BE47 /* LICENSE in Resources */,
				BBB64DC51FD450AF0020BE47 /* README.md in Resources */,
				BBE490DC1FB2C643003D41BB /* InjectionError.tif in Resources */,
				BBCA02591FB112F500E45F0F /* App.icns in Resources */,
				BBCA02601FB122C300E45F0F /* InjectionIdle.tif in Resources */,
				BBF6572E2DAFF00200638170 /* NIMBLE.md in Resources */,
				BBF6572F2DAFF00200638170 /* QUICK.md in Resources */,
				BBCA02611FB122C300E45F0F /* InjectionOK.tif in Resources */,
				BBCA02041FB0F10300E45F0F /* Assets.xcassets in Resources */,
				222BC9452C157C3200780A41 /* InjectionReady.tif in Resources */,
				BBCA02071FB0F10300E45F0F /* MainMenu.xib in Resources */,
				BBE490DB1FB2C643003D41BB /* InjectionBusy.tif in Resources */,
			);
			runOnlyForDeploymentPostprocessing = 0;
		};
		BBDD84112C4FE749000F3124 /* Resources */ = {
			isa = PBXResourcesBuildPhase;
			buildActionMask = 2147483647;
			files = (
			);
			runOnlyForDeploymentPostprocessing = 0;
		};
/* End PBXResourcesBuildPhase section */

/* Begin PBXShellScriptBuildPhase section */
		22240ECB2C0C7178004DCBAD /* Run Script */ = {
			isa = PBXShellScriptBuildPhase;
			alwaysOutOfDate = 1;
			buildActionMask = 2147483647;
			files = (
			);
			inputFileListPaths = (
			);
			inputPaths = (
			);
			name = "Run Script";
			outputFileListPaths = (
			);
			outputPaths = (
			);
			runOnlyForDeploymentPostprocessing = 0;
			shellPath = /bin/sh;
			shellScript = "# Type a script or drag a script file from your workspace to insert its path.\nif [ \"$ACTION\" == \"install\" ]; then exit 0; fi\nbuildNumber=$(/usr/libexec/PlistBuddy -c \"Print CFBundleVersion\" \"${PROJECT_DIR}/${INFOPLIST_FILE}\")\nbuildNumber=$(($buildNumber + 1))\nchmod +w \"${PROJECT_DIR}/${INFOPLIST_FILE}\"\n/usr/libexec/PlistBuddy -c \"Set :CFBundleVersion $buildNumber\" \"${PROJECT_DIR}/${INFOPLIST_FILE}\"\n";
		};
		BBDD84572C4FED87000F3124 /* ShellScript */ = {
			isa = PBXShellScriptBuildPhase;
			buildActionMask = 8;
			files = (
			);
			inputFileListPaths = (
			);
			inputPaths = (
			);
			outputFileListPaths = (
			);
			outputPaths = (
			);
			runOnlyForDeploymentPostprocessing = 1;
			shellPath = /bin/sh;
			shellScript = "# Type a script or drag a script file from your workspace to insert its path.\nInjectionNext/build_bundles.sh\n";
		};
/* End PBXShellScriptBuildPhase section */

/* Begin PBXSourcesBuildPhase section */
		BB85A4202D6B9C5300FA29D0 /* Sources */ = {
			isa = PBXSourcesBuildPhase;
			buildActionMask = 2147483647;
			files = (
				BB85A42E2D6BA13B00FA29D0 /* SimpleSocket.mm in Sources */,
			);
			runOnlyForDeploymentPostprocessing = 0;
		};
		BBCA01FA1FB0F10300E45F0F /* Sources */ = {
			isa = PBXSourcesBuildPhase;
			buildActionMask = 2147483647;
			files = (
				BB6A56F02C50E73600C92112 /* Defaults.swift in Sources */,
				BB5155E62CDEDAD500704C7A /* LogParser.swift in Sources */,
				224E58002C08BC0E00B71C79 /* MonitorXcode.swift in Sources */,
				229127F12C1EEF69005D7625 /* Experimental.swift in Sources */,
				BBA082362D6BC33500FFFB2F /* FrontendServer.swift in Sources */,
				BBCA022A1FB0F64800E45F0F /* SimpleSocket.mm in Sources */,
				BB16653A25E9A5F2001407AE /* main.m in Sources */,
				BBCA02021FB0F10300E45F0F /* AppDelegate.swift in Sources */,
				BB5155E02CDED8C600704C7A /* Recompiler.swift in Sources */,
				BB5155DA2CDED44F00704C7A /* InjectionHybrid.swift in Sources */,
				BB4654812C257F110080EC40 /* NextCompiler.swift in Sources */,
				BB5155E32CDED9D000704C7A /* InjectionBase.swift in Sources */,
				BB5155E42CDED9D000704C7A /* FileWatcher.swift in Sources */,
				224E57FE2C08BBE300B71C79 /* InjectionServer.swift in Sources */,
				BBB07BC92C7D4CD5009D95CF /* Common.swift in Sources */,
				22B645A02C18DD9D00F99B61 /* Unhider.swift in Sources */,
			);
			runOnlyForDeploymentPostprocessing = 0;
		};
		BBDD840F2C4FE749000F3124 /* Sources */ = {
			isa = PBXSourcesBuildPhase;
			buildActionMask = 2147483647;
			files = (
				BBDD84422C4FEA4E000F3124 /* InjectionNext.swift in Sources */,
				BBDD844F2C4FEA81000F3124 /* fishhook.c in Sources */,
				BB1E42412DAD02E80085C9B9 /* FileWatcher.swift in Sources */,
				BBDD844B2C4FEA6D000F3124 /* ImageSymbols.swift in Sources */,
				BBDD84482C4FEA63000F3124 /* Demangling.swift in Sources */,
				BBDD84502C4FEA86000F3124 /* DLKitC.c in Sources */,
				BBDD844E2C4FEA7D000F3124 /* InjectionBoot.mm in Sources */,
				BBDD84462C4FEA5C000F3124 /* Reloader.swift in Sources */,
				BBDD84492C4FEA67000F3124 /* DLKit.swift in Sources */,
				BBDD845A2C4FF646000F3124 /* ClientBoot.mm in Sources */,
				BBDD844D2C4FEA75000F3124 /* Iterators.swift in Sources */,
				BBDD84432C4FEA52000F3124 /* Common.swift in Sources */,
				BBDD84522C4FEA8F000F3124 /* trie_dlops.mm in Sources */,
				BB2D41A82DAD145A0073C203 /* Recompiler.swift in Sources */,
				BBDD84542C4FEB16000F3124 /* TupleRegex.swift in Sources */,
				BBDD84552C4FEC98000F3124 /* SimpleSocket.mm in Sources */,
				BBDD844C2C4FEA71000F3124 /* Interposing.swift in Sources */,
				BBDD84512C4FEA8B000F3124 /* trie_dladdr.mm in Sources */,
				BB2D41A72DAD142E0073C203 /* LogParser.swift in Sources */,
				BB2D41BE2DAD1BBB0073C203 /* InjectionLite.swift in Sources */,
				BBDD84472C4FEA60000F3124 /* Sweeper.swift in Sources */,
				BBDD84452C4FEA59000F3124 /* Metadata.swift in Sources */,
				BBDD84442C4FEA55000F3124 /* KeyPaths.swift in Sources */,
				BB1E42422DAD02F20085C9B9 /* InjectionBase.swift in Sources */,
				BBDD844A2C4FEA6A000F3124 /* FileSymbols.swift in Sources */,
			);
			runOnlyForDeploymentPostprocessing = 0;
		};
/* End PBXSourcesBuildPhase section */

/* Begin PBXTargetDependency section */
		BB2D41AE2DAD15220073C203 /* PBXTargetDependency */ = {
			isa = PBXTargetDependency;
			productRef = BB2D41AD2DAD15220073C203 /* Popen */;
		};
		BB85A42D2D6B9CA200FA29D0 /* PBXTargetDependency */ = {
			isa = PBXTargetDependency;
			target = BB85A4232D6B9C5300FA29D0 /* feedcommands */;
			targetProxy = BB85A42C2D6B9CA200FA29D0 /* PBXContainerItemProxy */;
		};
		BBDD843E2C4FE8C5000F3124 /* PBXTargetDependency */ = {
			isa = PBXTargetDependency;
			target = BBDD84122C4FE749000F3124 /* InjectionBundle */;
			targetProxy = BBDD843D2C4FE8C5000F3124 /* PBXContainerItemProxy */;
		};
/* End PBXTargetDependency section */

/* Begin PBXVariantGroup section */
		BBCA02051FB0F10300E45F0F /* MainMenu.xib */ = {
			isa = PBXVariantGroup;
			children = (
				BBCA02061FB0F10300E45F0F /* Base */,
			);
			name = MainMenu.xib;
			sourceTree = "<group>";
		};
/* End PBXVariantGroup section */

/* Begin XCBuildConfiguration section */
		BB439B821FABA64300B4F50B /* Debug */ = {
			isa = XCBuildConfiguration;
			buildSettings = {
				ALWAYS_SEARCH_USER_PATHS = NO;
				CLANG_ANALYZER_NONNULL = YES;
				CLANG_ANALYZER_NUMBER_OBJECT_CONVERSION = YES_AGGRESSIVE;
				CLANG_CXX_LANGUAGE_STANDARD = "gnu++14";
				CLANG_CXX_LIBRARY = "libc++";
				CLANG_ENABLE_MODULES = YES;
				CLANG_ENABLE_OBJC_ARC = YES;
				CLANG_WARN_BLOCK_CAPTURE_AUTORELEASING = YES;
				CLANG_WARN_BOOL_CONVERSION = YES;
				CLANG_WARN_COMMA = YES;
				CLANG_WARN_CONSTANT_CONVERSION = YES;
				CLANG_WARN_DIRECT_OBJC_ISA_USAGE = YES_ERROR;
				CLANG_WARN_DOCUMENTATION_COMMENTS = YES;
				CLANG_WARN_EMPTY_BODY = YES;
				CLANG_WARN_ENUM_CONVERSION = YES;
				CLANG_WARN_INFINITE_RECURSION = YES;
				CLANG_WARN_INT_CONVERSION = YES;
				CLANG_WARN_NON_LITERAL_NULL_CONVERSION = YES;
				CLANG_WARN_OBJC_LITERAL_CONVERSION = YES;
				CLANG_WARN_OBJC_ROOT_CLASS = YES_ERROR;
				CLANG_WARN_RANGE_LOOP_ANALYSIS = YES;
				CLANG_WARN_STRICT_PROTOTYPES = YES;
				CLANG_WARN_SUSPICIOUS_MOVE = YES;
				CLANG_WARN_UNGUARDED_AVAILABILITY = YES_AGGRESSIVE;
				CLANG_WARN_UNREACHABLE_CODE = YES;
				CLANG_WARN__DUPLICATE_METHOD_MATCH = YES;
				CODE_SIGN_IDENTITY = "iPhone Developer";
				COPY_PHASE_STRIP = NO;
				DEBUG_INFORMATION_FORMAT = dwarf;
				ENABLE_STRICT_OBJC_MSGSEND = YES;
				ENABLE_TESTABILITY = YES;
				FRAMEWORK_SEARCH_PATHS = $PLATFORM_DIR/Developer/Library/Frameworks;
				GCC_C_LANGUAGE_STANDARD = gnu11;
				GCC_DYNAMIC_NO_PIC = NO;
				GCC_NO_COMMON_BLOCKS = YES;
				GCC_OPTIMIZATION_LEVEL = 0;
				GCC_WARN_64_TO_32_BIT_CONVERSION = YES;
				GCC_WARN_ABOUT_RETURN_TYPE = YES_ERROR;
				GCC_WARN_UNDECLARED_SELECTOR = YES;
				GCC_WARN_UNINITIALIZED_AUTOS = YES_AGGRESSIVE;
				GCC_WARN_UNUSED_FUNCTION = YES;
				GCC_WARN_UNUSED_VARIABLE = YES;
				HEADER_SEARCH_PATHS = $SRCROOT/HotReloading/Sources/HotReloadingGuts/include;
				HELPER_MACH_ID = com.johnholdsworth.InjectionIII.Helper.mach;
				IPHONEOS_DEPLOYMENT_TARGET = 12.0;
				LD_RUNPATH_SEARCH_PATHS = (
					"$(TOOLCHAIN_DIR)/usr/lib/swift/$(SWIFT_PLATFORM_TARGET_PREFIX)",
					$PLATFORM_DIR/Developer/Library/Frameworks,
				);
				MTL_ENABLE_DEBUG_INFO = YES;
				ONLY_ACTIVE_ARCH = YES;
				OTHER_SWIFT_FLAGS = "-Xfrontend -warn-long-expression-type-checking=150";
				PRODUCT_NAME = macOSInjection;
				SDKROOT = iphoneos;
				SWIFT_ACTIVE_COMPILATION_CONDITIONS = DEBUG;
				SWIFT_OPTIMIZATION_LEVEL = "-Onone";
				SWIFT_VERSION = 5.0;
			};
			name = Debug;
		};
		BB439B831FABA64300B4F50B /* Release */ = {
			isa = XCBuildConfiguration;
			buildSettings = {
				ALWAYS_SEARCH_USER_PATHS = NO;
				CLANG_ANALYZER_NONNULL = YES;
				CLANG_ANALYZER_NUMBER_OBJECT_CONVERSION = YES_AGGRESSIVE;
				CLANG_CXX_LANGUAGE_STANDARD = "gnu++14";
				CLANG_CXX_LIBRARY = "libc++";
				CLANG_ENABLE_MODULES = YES;
				CLANG_ENABLE_OBJC_ARC = YES;
				CLANG_WARN_BLOCK_CAPTURE_AUTORELEASING = YES;
				CLANG_WARN_BOOL_CONVERSION = YES;
				CLANG_WARN_COMMA = YES;
				CLANG_WARN_CONSTANT_CONVERSION = YES;
				CLANG_WARN_DIRECT_OBJC_ISA_USAGE = YES_ERROR;
				CLANG_WARN_DOCUMENTATION_COMMENTS = YES;
				CLANG_WARN_EMPTY_BODY = YES;
				CLANG_WARN_ENUM_CONVERSION = YES;
				CLANG_WARN_INFINITE_RECURSION = YES;
				CLANG_WARN_INT_CONVERSION = YES;
				CLANG_WARN_NON_LITERAL_NULL_CONVERSION = YES;
				CLANG_WARN_OBJC_LITERAL_CONVERSION = YES;
				CLANG_WARN_OBJC_ROOT_CLASS = YES_ERROR;
				CLANG_WARN_RANGE_LOOP_ANALYSIS = YES;
				CLANG_WARN_STRICT_PROTOTYPES = YES;
				CLANG_WARN_SUSPICIOUS_MOVE = YES;
				CLANG_WARN_UNGUARDED_AVAILABILITY = YES_AGGRESSIVE;
				CLANG_WARN_UNREACHABLE_CODE = YES;
				CLANG_WARN__DUPLICATE_METHOD_MATCH = YES;
				CODE_SIGN_IDENTITY = "iPhone Developer";
				COPY_PHASE_STRIP = NO;
				DEBUG_INFORMATION_FORMAT = "dwarf-with-dsym";
				ENABLE_NS_ASSERTIONS = NO;
				ENABLE_STRICT_OBJC_MSGSEND = YES;
				FRAMEWORK_SEARCH_PATHS = $PLATFORM_DIR/Developer/Library/Frameworks;
				GCC_C_LANGUAGE_STANDARD = gnu11;
				GCC_NO_COMMON_BLOCKS = YES;
				GCC_WARN_64_TO_32_BIT_CONVERSION = YES;
				GCC_WARN_ABOUT_RETURN_TYPE = YES_ERROR;
				GCC_WARN_UNDECLARED_SELECTOR = YES;
				GCC_WARN_UNINITIALIZED_AUTOS = YES_AGGRESSIVE;
				GCC_WARN_UNUSED_FUNCTION = YES;
				GCC_WARN_UNUSED_VARIABLE = YES;
				HEADER_SEARCH_PATHS = $SRCROOT/HotReloading/Sources/HotReloadingGuts/include;
				HELPER_MACH_ID = com.johnholdsworth.InjectionIII.Helper.mach;
				IPHONEOS_DEPLOYMENT_TARGET = 12.0;
				LD_RUNPATH_SEARCH_PATHS = (
					"$(TOOLCHAIN_DIR)/usr/lib/swift/$(SWIFT_PLATFORM_TARGET_PREFIX)",
					$PLATFORM_DIR/Developer/Library/Frameworks,
				);
				MTL_ENABLE_DEBUG_INFO = NO;
				PRODUCT_NAME = macOSInjection;
				SDKROOT = iphoneos;
				SWIFT_COMPILATION_MODE = wholemodule;
				SWIFT_OPTIMIZATION_LEVEL = "-O";
				SWIFT_VERSION = 5.0;
				VALIDATE_PRODUCT = YES;
			};
			name = Release;
		};
		BB85A4282D6B9C5300FA29D0 /* Debug */ = {
			isa = XCBuildConfiguration;
			buildSettings = {
				ASSETCATALOG_COMPILER_GENERATE_SWIFT_ASSET_SYMBOL_EXTENSIONS = YES;
				CLANG_CXX_LANGUAGE_STANDARD = "gnu++20";
				CLANG_ENABLE_OBJC_WEAK = YES;
				CLANG_WARN_DEPRECATED_OBJC_IMPLEMENTATIONS = YES;
				CLANG_WARN_OBJC_IMPLICIT_RETAIN_SELF = YES;
				CLANG_WARN_QUOTED_INCLUDE_IN_FRAMEWORK_HEADER = YES;
				CODE_SIGN_STYLE = Automatic;
				DEVELOPMENT_TEAM = 9V5A8WE85E;
				ENABLE_HARDENED_RUNTIME = YES;
				ENABLE_USER_SCRIPT_SANDBOXING = YES;
				GCC_C_LANGUAGE_STANDARD = gnu17;
				GCC_PREPROCESSOR_DEFINITIONS = (
					"DEBUG=1",
					"$(inherited)",
				);
				LOCALIZATION_PREFERS_STRING_CATALOGS = YES;
				MACOSX_DEPLOYMENT_TARGET = 15.1;
				MTL_ENABLE_DEBUG_INFO = INCLUDE_SOURCE;
				MTL_FAST_MATH = YES;
				PRODUCT_NAME = "$(TARGET_NAME)";
				SDKROOT = macosx;
				SKIP_INSTALL = YES;
			};
			name = Debug;
		};
		BB85A4292D6B9C5300FA29D0 /* Release */ = {
			isa = XCBuildConfiguration;
			buildSettings = {
				ASSETCATALOG_COMPILER_GENERATE_SWIFT_ASSET_SYMBOL_EXTENSIONS = YES;
				CLANG_CXX_LANGUAGE_STANDARD = "gnu++20";
				CLANG_ENABLE_OBJC_WEAK = YES;
				CLANG_WARN_DEPRECATED_OBJC_IMPLEMENTATIONS = YES;
				CLANG_WARN_OBJC_IMPLICIT_RETAIN_SELF = YES;
				CLANG_WARN_QUOTED_INCLUDE_IN_FRAMEWORK_HEADER = YES;
				CODE_SIGN_STYLE = Automatic;
				DEVELOPMENT_TEAM = 9V5A8WE85E;
				ENABLE_HARDENED_RUNTIME = YES;
				ENABLE_USER_SCRIPT_SANDBOXING = YES;
				GCC_C_LANGUAGE_STANDARD = gnu17;
				LOCALIZATION_PREFERS_STRING_CATALOGS = YES;
				MACOSX_DEPLOYMENT_TARGET = 15.1;
				MTL_FAST_MATH = YES;
				PRODUCT_NAME = "$(TARGET_NAME)";
				SDKROOT = macosx;
				SKIP_INSTALL = YES;
			};
			name = Release;
		};
		BBCA020D1FB0F10400E45F0F /* Debug */ = {
			isa = XCBuildConfiguration;
			buildSettings = {
				ALWAYS_EMBED_SWIFT_STANDARD_LIBRARIES = YES;
				ASSETCATALOG_COMPILER_APPICON_NAME = AppIcon;
				CODE_SIGN_ENTITLEMENTS = InjectionNext/InjectionNext.entitlements;
				CODE_SIGN_IDENTITY = "-";
				CODE_SIGN_STYLE = Manual;
				COMBINE_HIDPI_IMAGES = YES;
				DEVELOPMENT_TEAM = 9V5A8WE85E;
				ENABLE_DEBUG_DYLIB = NO;
				ENABLE_HARDENED_RUNTIME = YES;
				INFOPLIST_FILE = InjectionNext/Info.plist;
				LD_RUNPATH_SEARCH_PATHS = "@executable_path/../Frameworks";
				MACOSX_DEPLOYMENT_TARGET = 10.15;
				MARKETING_VERSION = 1.3.1;
				PRODUCT_BUNDLE_IDENTIFIER = com.johnholdsworth.InjectionNext;
				PRODUCT_NAME = "$(TARGET_NAME)";
				PROVISIONING_PROFILE_SPECIFIER = "";
				SDKROOT = macosx;
				SWIFT_OBJC_BRIDGING_HEADER = "InjectionNext/InjectionNext-Bridging-Header.h";
			};
			name = Debug;
		};
		BBCA020E1FB0F10400E45F0F /* Release */ = {
			isa = XCBuildConfiguration;
			buildSettings = {
				ALWAYS_EMBED_SWIFT_STANDARD_LIBRARIES = YES;
				ASSETCATALOG_COMPILER_APPICON_NAME = AppIcon;
				CODE_SIGN_ENTITLEMENTS = InjectionNext/InjectionNext.entitlements;
				CODE_SIGN_IDENTITY = "Developer ID Application";
				CODE_SIGN_STYLE = Manual;
				COMBINE_HIDPI_IMAGES = YES;
				DEVELOPMENT_TEAM = 9V5A8WE85E;
				ENABLE_DEBUG_DYLIB = NO;
				ENABLE_HARDENED_RUNTIME = YES;
				INFOPLIST_FILE = InjectionNext/Info.plist;
				LD_RUNPATH_SEARCH_PATHS = "@executable_path/../Frameworks";
				MACOSX_DEPLOYMENT_TARGET = 10.15;
				MARKETING_VERSION = 1.3.1;
				PRODUCT_BUNDLE_IDENTIFIER = com.johnholdsworth.InjectionNext;
				PRODUCT_NAME = "$(TARGET_NAME)";
				PROVISIONING_PROFILE_SPECIFIER = "";
				SDKROOT = macosx;
				SWIFT_OBJC_BRIDGING_HEADER = "InjectionNext/InjectionNext-Bridging-Header.h";
			};
			name = Release;
		};
		BBDD84142C4FE749000F3124 /* Debug */ = {
			isa = XCBuildConfiguration;
			buildSettings = {
				ASSETCATALOG_COMPILER_GENERATE_SWIFT_ASSET_SYMBOL_EXTENSIONS = YES;
				CLANG_CXX_LANGUAGE_STANDARD = "c++17";
				CLANG_ENABLE_OBJC_WEAK = YES;
				CLANG_WARN_DEPRECATED_OBJC_IMPLEMENTATIONS = YES;
				CLANG_WARN_OBJC_IMPLICIT_RETAIN_SELF = YES;
				CLANG_WARN_QUOTED_INCLUDE_IN_FRAMEWORK_HEADER = YES;
				CODE_SIGN_STYLE = Automatic;
				COMBINE_HIDPI_IMAGES = YES;
				CURRENT_PROJECT_VERSION = 1;
				DEVELOPMENT_TEAM = 9V5A8WE85E;
				ENABLE_USER_SCRIPT_SANDBOXING = YES;
				GCC_C_LANGUAGE_STANDARD = c17;
				GCC_PREPROCESSOR_DEFINITIONS = (
					"DEBUG=1",
					"$(inherited)",
				);
				GENERATE_INFOPLIST_FILE = YES;
				INFOPLIST_KEY_NSHumanReadableCopyright = "Copyright © 2024 John Holdsworth. All rights reserved.";
				INFOPLIST_KEY_NSPrincipalClass = "";
				INSTALL_PATH = "$(LOCAL_LIBRARY_DIR)/Bundles";
				LD_DYLIB_INSTALL_NAME = "/Applications/InjectionNext.app/Contents/Resources/lib$(PLATFORM_NAME)Injection.dylib";
				LD_RUNPATH_SEARCH_PATHS = (
					"$(inherited)",
					$PLATFORM_DIR/Developer/usr/lib,
				);
				LIBRARY_SEARCH_PATHS = "$(PLATFORM_DIR)/Developer/usr/lib";
				LOCALIZATION_PREFERS_STRING_CATALOGS = YES;
				MACH_O_TYPE = mh_dylib;
				MACOSX_DEPLOYMENT_TARGET = 10.15;
				MARKETING_VERSION = 1.0;
				MTL_ENABLE_DEBUG_INFO = INCLUDE_SOURCE;
				MTL_FAST_MATH = YES;
				OTHER_LDFLAGS = (
					"-lXCTestSwiftSupport",
					"$(BUILT_PRODUCTS_DIR)/Popen.o",
				);
				PRODUCT_BUNDLE_IDENTIFIER = com.johnholdsworth.InjectionBundle;
				PRODUCT_NAME = macOSInjection;
				SDKROOT = macosx;
				SKIP_INSTALL = YES;
				SWIFT_EMIT_LOC_STRINGS = YES;
				SWIFT_OBJC_BRIDGING_HEADER = "InjectionBundle/InjectionBundle-Bridging-Header.h";
				WRAPPER_EXTENSION = bundle;
			};
			name = Debug;
		};
		BBDD84152C4FE749000F3124 /* Release */ = {
			isa = XCBuildConfiguration;
			buildSettings = {
				ASSETCATALOG_COMPILER_GENERATE_SWIFT_ASSET_SYMBOL_EXTENSIONS = YES;
				CLANG_CXX_LANGUAGE_STANDARD = "c++17";
				CLANG_ENABLE_OBJC_WEAK = YES;
				CLANG_WARN_DEPRECATED_OBJC_IMPLEMENTATIONS = YES;
				CLANG_WARN_OBJC_IMPLICIT_RETAIN_SELF = YES;
				CLANG_WARN_QUOTED_INCLUDE_IN_FRAMEWORK_HEADER = YES;
				CODE_SIGN_STYLE = Automatic;
				COMBINE_HIDPI_IMAGES = YES;
				CURRENT_PROJECT_VERSION = 1;
				DEVELOPMENT_TEAM = 9V5A8WE85E;
				ENABLE_USER_SCRIPT_SANDBOXING = YES;
				GCC_C_LANGUAGE_STANDARD = c17;
				GENERATE_INFOPLIST_FILE = YES;
				INFOPLIST_KEY_NSHumanReadableCopyright = "Copyright © 2024 John Holdsworth. All rights reserved.";
				INFOPLIST_KEY_NSPrincipalClass = "";
				INSTALL_PATH = "$(LOCAL_LIBRARY_DIR)/Bundles";
				LD_DYLIB_INSTALL_NAME = "/Applications/InjectionNext.app/Contents/Resources/lib$(PLATFORM_NAME)Injection.dylib";
				LD_RUNPATH_SEARCH_PATHS = (
					"$(inherited)",
					$PLATFORM_DIR/Developer/usr/lib,
				);
				LIBRARY_SEARCH_PATHS = "$(PLATFORM_DIR)/Developer/usr/lib";
				LOCALIZATION_PREFERS_STRING_CATALOGS = YES;
				MACH_O_TYPE = mh_dylib;
				MACOSX_DEPLOYMENT_TARGET = 10.15;
				MARKETING_VERSION = 1.0;
				MTL_FAST_MATH = YES;
				OTHER_LDFLAGS = (
					"-lXCTestSwiftSupport",
					"$(BUILT_PRODUCTS_DIR)/Popen.o",
				);
				PRODUCT_BUNDLE_IDENTIFIER = com.johnholdsworth.InjectionBundle;
				PRODUCT_NAME = macOSInjection;
				SDKROOT = macosx;
				SKIP_INSTALL = YES;
				SWIFT_EMIT_LOC_STRINGS = YES;
				SWIFT_OBJC_BRIDGING_HEADER = "InjectionBundle/InjectionBundle-Bridging-Header.h";
				WRAPPER_EXTENSION = bundle;
			};
			name = Release;
		};
/* End XCBuildConfiguration section */

/* Begin XCConfigurationList section */
		BB439B601FABA64300B4F50B /* Build configuration list for PBXProject "InjectionNext" */ = {
			isa = XCConfigurationList;
			buildConfigurations = (
				BB439B821FABA64300B4F50B /* Debug */,
				BB439B831FABA64300B4F50B /* Release */,
			);
			defaultConfigurationIsVisible = 0;
			defaultConfigurationName = Release;
		};
		BB85A42A2D6B9C5300FA29D0 /* Build configuration list for PBXNativeTarget "feedcommands" */ = {
			isa = XCConfigurationList;
			buildConfigurations = (
				BB85A4282D6B9C5300FA29D0 /* Debug */,
				BB85A4292D6B9C5300FA29D0 /* Release */,
			);
			defaultConfigurationIsVisible = 0;
			defaultConfigurationName = Release;
		};
		BBCA020C1FB0F10400E45F0F /* Build configuration list for PBXNativeTarget "InjectionNext" */ = {
			isa = XCConfigurationList;
			buildConfigurations = (
				BBCA020D1FB0F10400E45F0F /* Debug */,
				BBCA020E1FB0F10400E45F0F /* Release */,
			);
			defaultConfigurationIsVisible = 0;
			defaultConfigurationName = Release;
		};
		BBDD84162C4FE749000F3124 /* Build configuration list for PBXNativeTarget "InjectionBundle" */ = {
			isa = XCConfigurationList;
			buildConfigurations = (
				BBDD84142C4FE749000F3124 /* Debug */,
				BBDD84152C4FE749000F3124 /* Release */,
			);
			defaultConfigurationIsVisible = 0;
			defaultConfigurationName = Release;
		};
/* End XCConfigurationList section */

/* Begin XCRemoteSwiftPackageReference section */
		2217BE7F2C0A65C20032A832 /* XCRemoteSwiftPackageReference "Fortify" */ = {
			isa = XCRemoteSwiftPackageReference;
			repositoryURL = "https://github.com/johnno1962/Fortify";
			requirement = {
				kind = upToNextMajorVersion;
				minimumVersion = 2.1.10;
			};
		};
		224E57F92C08978F00B71C79 /* XCRemoteSwiftPackageReference "SwiftRegex5" */ = {
			isa = XCRemoteSwiftPackageReference;
			repositoryURL = "https://github.com/johnno1962/SwiftRegex5";
			requirement = {
				kind = upToNextMajorVersion;
				minimumVersion = 6.1.3;
			};
		};
		22E3D9892C19009900BB234E /* XCRemoteSwiftPackageReference "DLKit" */ = {
			isa = XCRemoteSwiftPackageReference;
			repositoryURL = "https://github.com/johnno1962/DLKit";
			requirement = {
				kind = upToNextMajorVersion;
				minimumVersion = 3.4.6;
			};
		};
		BB0CECAE2C73C1610000A4E6 /* XCRemoteSwiftPackageReference "Quick" */ = {
			isa = XCRemoteSwiftPackageReference;
			repositoryURL = "https://github.com/Quick/Quick";
			requirement = {
				branch = main;
				kind = branch;
			};
		};
		BB0CECB12C73C1890000A4E6 /* XCRemoteSwiftPackageReference "Nimble" */ = {
			isa = XCRemoteSwiftPackageReference;
			repositoryURL = "https://github.com/Quick/Nimble.git";
			requirement = {
				kind = upToNextMinorVersion;
				minimumVersion = 13.2.0;
			};
		};
		BB2D41A42DAD10110073C203 /* XCRemoteSwiftPackageReference "Popen" */ = {
			isa = XCRemoteSwiftPackageReference;
			repositoryURL = "https://github.com/johnno1962/Popen";
			requirement = {
				kind = upToNextMajorVersion;
				minimumVersion = 2.1.7;
			};
		};
		BBEB87102C74FD930044578A /* XCRemoteSwiftPackageReference "Quick" */ = {
			isa = XCRemoteSwiftPackageReference;
			repositoryURL = "https://github.com/johnno1962/Quick";
			requirement = {
				branch = uncached;
				kind = branch;
			};
		};
/* End XCRemoteSwiftPackageReference section */

/* Begin XCSwiftPackageProductDependency section */
		2217BE802C0A65C20032A832 /* Fortify */ = {
			isa = XCSwiftPackageProductDependency;
			package = 2217BE7F2C0A65C20032A832 /* XCRemoteSwiftPackageReference "Fortify" */;
			productName = Fortify;
		};
		224E57FA2C08978F00B71C79 /* SwiftRegex */ = {
			isa = XCSwiftPackageProductDependency;
			package = 224E57F92C08978F00B71C79 /* XCRemoteSwiftPackageReference "SwiftRegex5" */;
			productName = SwiftRegex;
		};
		22E3D98A2C19009900BB234E /* DLKit */ = {
			isa = XCSwiftPackageProductDependency;
			package = 22E3D9892C19009900BB234E /* XCRemoteSwiftPackageReference "DLKit" */;
			productName = DLKit;
		};
		22E3D98C2C19009900BB234E /* DLKitC */ = {
			isa = XCSwiftPackageProductDependency;
			package = 22E3D9892C19009900BB234E /* XCRemoteSwiftPackageReference "DLKit" */;
			productName = DLKitC;
		};
		BB0CECAF2C73C1610000A4E6 /* Quick */ = {
			isa = XCSwiftPackageProductDependency;
			package = BB0CECAE2C73C1610000A4E6 /* XCRemoteSwiftPackageReference "Quick" */;
			productName = Quick;
		};
		BB0CECB22C73C1890000A4E6 /* Nimble */ = {
			isa = XCSwiftPackageProductDependency;
			package = BB0CECB12C73C1890000A4E6 /* XCRemoteSwiftPackageReference "Nimble" */;
			productName = Nimble;
		};
		BB2D41AB2DAD14EA0073C203 /* Popen */ = {
			isa = XCSwiftPackageProductDependency;
			package = BB2D41A42DAD10110073C203 /* XCRemoteSwiftPackageReference "Popen" */;
			productName = Popen;
		};
		BB2D41AD2DAD15220073C203 /* Popen */ = {
			isa = XCSwiftPackageProductDependency;
			package = BB2D41A42DAD10110073C203 /* XCRemoteSwiftPackageReference "Popen" */;
			productName = Popen;
		};
		BBEB87112C74FD930044578A /* Quick */ = {
			isa = XCSwiftPackageProductDependency;
			package = BBEB87102C74FD930044578A /* XCRemoteSwiftPackageReference "Quick" */;
			productName = Quick;
		};
/* End XCSwiftPackageProductDependency section */
	};
	rootObject = BB439B5D1FABA64300B4F50B /* Project object */;
}
