// !$*UTF8*$!
{
	archiveVersion = 1;
	classes = {
	};
	objectVersion = 70;
	objects = {

/* Begin PBXBuildFile section */
		2217BE812C0A65C20032A832 /* Fortify in Frameworks */ = {isa = PBXBuildFile; productRef = 2217BE802C0A65C20032A832 /* Fortify */; };
		222BC9452C157C3200780A41 /* InjectionReady.tif in Resources */ = {isa = PBXBuildFile; fileRef = 222BC9442C157C3200780A41 /* InjectionReady.tif */; };
		224E57FB2C08978F00B71C79 /* SwiftRegex in Frameworks */ = {isa = PBXBuildFile; productRef = 224E57FA2C08978F00B71C79 /* SwiftRegex */; };
		224E57FE2C08BBE300B71C79 /* InjectionServer.swift in Sources */ = {isa = PBXBuildFile; fileRef = 224E57FD2C08BBE300B71C79 /* InjectionServer.swift */; };
		224E58002C08BC0E00B71C79 /* MonitorXcode.swift in Sources */ = {isa = PBXBuildFile; fileRef = 224E57FF2C08BC0E00B71C79 /* MonitorXcode.swift */; };
		229127F12C1EEF69005D7625 /* Experimental.swift in Sources */ = {isa = PBXBuildFile; fileRef = CEC17029253ED117002E823F /* Experimental.swift */; };
		22B645A02C18DD9D00F99B61 /* Unhider.swift in Sources */ = {isa = PBXBuildFile; fileRef = 22B6459F2C18DD9D00F99B61 /* Unhider.swift */; };
		22E3D98B2C19009900BB234E /* DLKit in Frameworks */ = {isa = PBXBuildFile; productRef = 22E3D98A2C19009900BB234E /* DLKit */; };
		22E3D98D2C19009900BB234E /* DLKitC in Frameworks */ = {isa = PBXBuildFile; productRef = 22E3D98C2C19009900BB234E /* DLKitC */; };
		BB0CECB02C73C1610000A4E6 /* Quick in Frameworks */ = {isa = PBXBuildFile; productRef = BB0CECAF2C73C1610000A4E6 /* Quick */; };
		BB0CECB32C73C1890000A4E6 /* Nimble in Frameworks */ = {isa = PBXBuildFile; productRef = BB0CECB22C73C1890000A4E6 /* Nimble */; };
		BB16653A25E9A5F2001407AE /* main.m in Sources */ = {isa = PBXBuildFile; fileRef = BB16653925E9A5F0001407AE /* main.m */; };
		BB2A66362E3E753B001EDD38 /* BAZEL.md in Resources */ = {isa = PBXBuildFile; fileRef = BB2A66352E3E753B001EDD38 /* BAZEL.md */; };
		BB2D41AC2DAD14EA0073C203 /* Popen in Frameworks */ = {isa = PBXBuildFile; productRef = BB2D41AB2DAD14EA0073C203 /* Popen */; };
		BB42F8E12EB626F100FDBBCC /* SwiftAspects.swift in Sources */ = {isa = PBXBuildFile; fileRef = BB42F8D62EB626F100FDBBCC /* SwiftAspects.swift */; };
		BB42F8E22EB626F100FDBBCC /* SwiftInterpose.swift in Sources */ = {isa = PBXBuildFile; fileRef = BB42F8D72EB626F100FDBBCC /* SwiftInterpose.swift */; };
		BB42F8E32EB626F100FDBBCC /* SwiftTrace.swift in Sources */ = {isa = PBXBuildFile; fileRef = BB42F8DF2EB626F100FDBBCC /* SwiftTrace.swift */; };
		BB42F8E42EB626F100FDBBCC /* SwiftSwizzle.swift in Sources */ = {isa = PBXBuildFile; fileRef = BB42F8DD2EB626F100FDBBCC /* SwiftSwizzle.swift */; };
		BB42F8E52EB626F100FDBBCC /* SwiftArgs.swift in Sources */ = {isa = PBXBuildFile; fileRef = BB42F8D52EB626F100FDBBCC /* SwiftArgs.swift */; };
		BB42F8E62EB626F100FDBBCC /* SwiftInvoke.swift in Sources */ = {isa = PBXBuildFile; fileRef = BB42F8D82EB626F100FDBBCC /* SwiftInvoke.swift */; };
		BB42F8E72EB626F100FDBBCC /* EasyPointer.swift in Sources */ = {isa = PBXBuildFile; fileRef = BB42F8D22EB626F100FDBBCC /* EasyPointer.swift */; };
		BB42F8E82EB626F100FDBBCC /* SwiftStack.swift in Sources */ = {isa = PBXBuildFile; fileRef = BB42F8DB2EB626F100FDBBCC /* SwiftStack.swift */; };
		BB42F8E92EB626F100FDBBCC /* SwiftStats.swift in Sources */ = {isa = PBXBuildFile; fileRef = BB42F8DC2EB626F100FDBBCC /* SwiftStats.swift */; };
		BB42F8EA2EB626F100FDBBCC /* StringIndex.swift in Sources */ = {isa = PBXBuildFile; fileRef = BB42F8D42EB626F100FDBBCC /* StringIndex.swift */; };
		BB42F8EB2EB626F100FDBBCC /* SwiftLifetime.swift in Sources */ = {isa = PBXBuildFile; fileRef = BB42F8D92EB626F100FDBBCC /* SwiftLifetime.swift */; };
		BB42F8EC2EB626F100FDBBCC /* SwiftMeta.swift in Sources */ = {isa = PBXBuildFile; fileRef = BB42F8DA2EB626F100FDBBCC /* SwiftMeta.swift */; };
		BB42F9212EB639D100FDBBCC /* DLKit.swift in Sources */ = {isa = PBXBuildFile; fileRef = BB42F91B2EB639D100FDBBCC /* DLKit.swift */; };
		BB42F9222EB639D100FDBBCC /* Iterators.swift in Sources */ = {isa = PBXBuildFile; fileRef = BB42F91F2EB639D100FDBBCC /* Iterators.swift */; };
		BB42F9232EB639D100FDBBCC /* Interposing.swift in Sources */ = {isa = PBXBuildFile; fileRef = BB42F91E2EB639D100FDBBCC /* Interposing.swift */; };
		BB42F9242EB639D100FDBBCC /* ImageSymbols.swift in Sources */ = {isa = PBXBuildFile; fileRef = BB42F91D2EB639D100FDBBCC /* ImageSymbols.swift */; };
		BB42F9252EB639D100FDBBCC /* Demangling.swift in Sources */ = {isa = PBXBuildFile; fileRef = BB42F91A2EB639D100FDBBCC /* Demangling.swift */; };
		BB42F9262EB639D100FDBBCC /* FileSymbols.swift in Sources */ = {isa = PBXBuildFile; fileRef = BB42F91C2EB639D100FDBBCC /* FileSymbols.swift */; };
		BB42F92D2EB639E500FDBBCC /* DLKitC.c in Sources */ = {isa = PBXBuildFile; fileRef = BB42F9292EB639E500FDBBCC /* DLKitC.c */; };
		BB42F92E2EB639E500FDBBCC /* trie_dladdr.mm in Sources */ = {isa = PBXBuildFile; fileRef = BB42F92A2EB639E500FDBBCC /* trie_dladdr.mm */; };
		BB42F92F2EB639E500FDBBCC /* trie_dlops.mm in Sources */ = {isa = PBXBuildFile; fileRef = BB42F92B2EB639E500FDBBCC /* trie_dlops.mm */; };
		BB42F9382EB63C2900FDBBCC /* KeyPaths.swift in Sources */ = {isa = PBXBuildFile; fileRef = BB42F9332EB63C2900FDBBCC /* KeyPaths.swift */; };
		BB42F9392EB63C2900FDBBCC /* Reloader.swift in Sources */ = {isa = PBXBuildFile; fileRef = BB42F9352EB63C2900FDBBCC /* Reloader.swift */; };
		BB42F93A2EB63C2900FDBBCC /* Generics.swift in Sources */ = {isa = PBXBuildFile; fileRef = BB42F9322EB63C2900FDBBCC /* Generics.swift */; };
		BB42F93B2EB63C2900FDBBCC /* Metadata.swift in Sources */ = {isa = PBXBuildFile; fileRef = BB42F9342EB63C2900FDBBCC /* Metadata.swift */; };
		BB42F93C2EB63C2900FDBBCC /* Common.swift in Sources */ = {isa = PBXBuildFile; fileRef = BB42F9312EB63C2900FDBBCC /* Common.swift */; };
		BB42F93D2EB63C2900FDBBCC /* Sweeper.swift in Sources */ = {isa = PBXBuildFile; fileRef = BB42F9362EB63C2900FDBBCC /* Sweeper.swift */; };
		BB42F93F2EB63CD800FDBBCC /* Common.swift in Sources */ = {isa = PBXBuildFile; fileRef = BB42F9312EB63C2900FDBBCC /* Common.swift */; };
		BB42F9462EB63E3400FDBBCC /* InjectionBase.swift in Sources */ = {isa = PBXBuildFile; fileRef = BB42F9412EB63E3400FDBBCC /* InjectionBase.swift */; };
		BB42F9472EB63E3400FDBBCC /* Recompiler.swift in Sources */ = {isa = PBXBuildFile; fileRef = BB42F9442EB63E3400FDBBCC /* Recompiler.swift */; };
		BB42F9482EB63E3400FDBBCC /* InjectionLite.swift in Sources */ = {isa = PBXBuildFile; fileRef = BB42F9422EB63E3400FDBBCC /* InjectionLite.swift */; };
		BB42F9492EB63E3400FDBBCC /* LogParser.swift in Sources */ = {isa = PBXBuildFile; fileRef = BB42F9432EB63E3400FDBBCC /* LogParser.swift */; };
		BB42F94A2EB63E3400FDBBCC /* FileWatcher.swift in Sources */ = {isa = PBXBuildFile; fileRef = BB42F9402EB63E3400FDBBCC /* FileWatcher.swift */; };
		BB42F94B2EB63E3F00FDBBCC /* FileWatcher.swift in Sources */ = {isa = PBXBuildFile; fileRef = BB42F9402EB63E3400FDBBCC /* FileWatcher.swift */; };
		BB42F94C2EB63E4F00FDBBCC /* LogParser.swift in Sources */ = {isa = PBXBuildFile; fileRef = BB42F9432EB63E3400FDBBCC /* LogParser.swift */; };
		BB42F94D2EB63E5600FDBBCC /* Recompiler.swift in Sources */ = {isa = PBXBuildFile; fileRef = BB42F9442EB63E3400FDBBCC /* Recompiler.swift */; };
		BB42F94E2EB63E7700FDBBCC /* InjectionBase.swift in Sources */ = {isa = PBXBuildFile; fileRef = BB42F9412EB63E3400FDBBCC /* InjectionBase.swift */; };
		BB42F9552EB63EFF00FDBBCC /* BazelInterface.swift in Sources */ = {isa = PBXBuildFile; fileRef = BB42F9512EB63EFF00FDBBCC /* BazelInterface.swift */; };
		BB42F9562EB63EFF00FDBBCC /* GitIgnoreParser.swift in Sources */ = {isa = PBXBuildFile; fileRef = BB42F9532EB63EFF00FDBBCC /* GitIgnoreParser.swift */; };
		BB42F9572EB63EFF00FDBBCC /* BazelActionQueryHandler.swift in Sources */ = {isa = PBXBuildFile; fileRef = BB42F94F2EB63EFF00FDBBCC /* BazelActionQueryHandler.swift */; };
		BB42F9582EB63EFF00FDBBCC /* BazelAQueryParser.swift in Sources */ = {isa = PBXBuildFile; fileRef = BB42F9502EB63EFF00FDBBCC /* BazelAQueryParser.swift */; };
		BB42F9592EB63EFF00FDBBCC /* FilenameMatcher.swift in Sources */ = {isa = PBXBuildFile; fileRef = BB42F9522EB63EFF00FDBBCC /* FilenameMatcher.swift */; };
		BB42F95A2EB63EFF00FDBBCC /* BazelInterface.swift in Sources */ = {isa = PBXBuildFile; fileRef = BB42F9512EB63EFF00FDBBCC /* BazelInterface.swift */; };
		BB42F95B2EB63EFF00FDBBCC /* GitIgnoreParser.swift in Sources */ = {isa = PBXBuildFile; fileRef = BB42F9532EB63EFF00FDBBCC /* GitIgnoreParser.swift */; };
		BB42F95C2EB63EFF00FDBBCC /* BazelActionQueryHandler.swift in Sources */ = {isa = PBXBuildFile; fileRef = BB42F94F2EB63EFF00FDBBCC /* BazelActionQueryHandler.swift */; };
		BB42F95D2EB63EFF00FDBBCC /* BazelAQueryParser.swift in Sources */ = {isa = PBXBuildFile; fileRef = BB42F9502EB63EFF00FDBBCC /* BazelAQueryParser.swift */; };
		BB42F95E2EB63EFF00FDBBCC /* FilenameMatcher.swift in Sources */ = {isa = PBXBuildFile; fileRef = BB42F9522EB63EFF00FDBBCC /* FilenameMatcher.swift */; };
		BB4654812C257F110080EC40 /* NextCompiler.swift in Sources */ = {isa = PBXBuildFile; fileRef = BB4654802C257F110080EC40 /* NextCompiler.swift */; };
		BB4788802EB6B6E700464AB4 /* InjectionBoot.mm in Sources */ = {isa = PBXBuildFile; fileRef = BB47887E2EB6B6E700464AB4 /* InjectionBoot.mm */; };
		BB4788812EB6B71600464AB4 /* InjectionImplC.h in Resources */ = {isa = PBXBuildFile; fileRef = BB42F9302EB63AAF00FDBBCC /* InjectionImplC.h */; };
		BB4788902EB6B81A00464AB4 /* fast_dladdr.mm in Sources */ = {isa = PBXBuildFile; fileRef = BB4788852EB6B81A00464AB4 /* fast_dladdr.mm */; };
		BB4788912EB6B81A00464AB4 /* xt_forwarding_trampoline_arm64.s in Sources */ = {isa = PBXBuildFile; fileRef = BB47888C2EB6B81A00464AB4 /* xt_forwarding_trampoline_arm64.s */; };
		BB4788922EB6B81A00464AB4 /* xt_forwarding_trampoline_x64.s in Sources */ = {isa = PBXBuildFile; fileRef = BB47888D2EB6B81A00464AB4 /* xt_forwarding_trampoline_x64.s */; };
		BB4788932EB6B81A00464AB4 /* ObjCBridge.mm in Sources */ = {isa = PBXBuildFile; fileRef = BB4788872EB6B81A00464AB4 /* ObjCBridge.mm */; };
		BB4788942EB6B81A00464AB4 /* Trampolines.mm in Sources */ = {isa = PBXBuildFile; fileRef = BB47888A2EB6B81A00464AB4 /* Trampolines.mm */; };
		BB4788952EB6B81A00464AB4 /* xt_forwarding_trampoline_arm7.s in Sources */ = {isa = PBXBuildFile; fileRef = BB47888B2EB6B81A00464AB4 /* xt_forwarding_trampoline_arm7.s */; };
		BB4788962EB6B81A00464AB4 /* SwiftTrace.mm in Sources */ = {isa = PBXBuildFile; fileRef = BB4788882EB6B81A00464AB4 /* SwiftTrace.mm */; };
		BB4788972EB6B81A00464AB4 /* xt_forwarding_trampoline_x86.s in Sources */ = {isa = PBXBuildFile; fileRef = BB47888E2EB6B81A00464AB4 /* xt_forwarding_trampoline_x86.s */; };
		BB4788982EB6B81A00464AB4 /* fishhook.c in Sources */ = {isa = PBXBuildFile; fileRef = BB4788862EB6B81A00464AB4 /* fishhook.c */; };
		BB5155DA2CDED44F00704C7A /* InjectionHybrid.swift in Sources */ = {isa = PBXBuildFile; fileRef = BB5155D92CDED44400704C7A /* InjectionHybrid.swift */; };
		BB6A56F02C50E73600C92112 /* Defaults.swift in Sources */ = {isa = PBXBuildFile; fileRef = BB6A56EF2C50E73600C92112 /* Defaults.swift */; };
		BB6A56F12C50E79800C92112 /* copy_bundle.sh in Resources */ = {isa = PBXBuildFile; fileRef = BBDD84582C4FF0B9000F3124 /* copy_bundle.sh */; };
		BB85A42B2D6B9C7B00FA29D0 /* feedcommands in Resources */ = {isa = PBXBuildFile; fileRef = BB85A4242D6B9C5300FA29D0 /* feedcommands */; };
		BB85A42E2D6BA13B00FA29D0 /* SimpleSocket.mm in Sources */ = {isa = PBXBuildFile; fileRef = BB67DBB31FB0CDA8000EAC8A /* SimpleSocket.mm */; };
		BBA082362D6BC33500FFFB2F /* FrontendServer.swift in Sources */ = {isa = PBXBuildFile; fileRef = BBA082352D6BC32D00FFFB2F /* FrontendServer.swift */; };
		BBA082382D6BD6CB00FFFB2F /* swift-frontend.sh in Resources */ = {isa = PBXBuildFile; fileRef = BBA082372D6BD6CB00FFFB2F /* swift-frontend.sh */; };
		BBB040641FB17A6C007DDD0A /* ScriptingBridge.framework in Frameworks */ = {isa = PBXBuildFile; fileRef = BBB040631FB1798A007DDD0A /* ScriptingBridge.framework */; };
		BBB64DC51FD450AF0020BE47 /* README.md in Resources */ = {isa = PBXBuildFile; fileRef = BB037DF31FAD808B004B267C /* README.md */; };
		BBB64DC61FD450B40020BE47 /* LICENSE in Resources */ = {isa = PBXBuildFile; fileRef = BB037DF41FAD80D0004B267C /* LICENSE */; };
		BBB64DE51FD571310020BE47 /* libz.tbd in Frameworks */ = {isa = PBXBuildFile; fileRef = BBB64DE41FD571300020BE47 /* libz.tbd */; };
		BBB64FEC1FD585D50020BE47 /* WebKit.framework in Frameworks */ = {isa = PBXBuildFile; fileRef = BBB64FEB1FD585D50020BE47 /* WebKit.framework */; };
		BBCA02021FB0F10300E45F0F /* AppDelegate.swift in Sources */ = {isa = PBXBuildFile; fileRef = BBCA02011FB0F10300E45F0F /* AppDelegate.swift */; };
		BBCA02041FB0F10300E45F0F /* Assets.xcassets in Resources */ = {isa = PBXBuildFile; fileRef = BBCA02031FB0F10300E45F0F /* Assets.xcassets */; };
		BBCA02071FB0F10300E45F0F /* MainMenu.xib in Resources */ = {isa = PBXBuildFile; fileRef = BBCA02051FB0F10300E45F0F /* MainMenu.xib */; };
		BBCA022A1FB0F64800E45F0F /* SimpleSocket.mm in Sources */ = {isa = PBXBuildFile; fileRef = BB67DBB31FB0CDA8000EAC8A /* SimpleSocket.mm */; };
		BBCA02591FB112F500E45F0F /* App.icns in Resources */ = {isa = PBXBuildFile; fileRef = BBCA02581FB112F500E45F0F /* App.icns */; };
		BBCA02601FB122C300E45F0F /* InjectionIdle.tif in Resources */ = {isa = PBXBuildFile; fileRef = BBCA025E1FB122C300E45F0F /* InjectionIdle.tif */; };
		BBCA02611FB122C300E45F0F /* InjectionOK.tif in Resources */ = {isa = PBXBuildFile; fileRef = BBCA025F1FB122C300E45F0F /* InjectionOK.tif */; };
		BBCCC3B72C73B6FD00E71F81 /* XCTest.framework in Frameworks */ = {isa = PBXBuildFile; fileRef = BBBEC42D1FC56522004188B3 /* XCTest.framework */; };
		BBDD843F2C4FE8D5000F3124 /* macOSInjection.bundle in Resources */ = {isa = PBXBuildFile; fileRef = BBDD84132C4FE749000F3124 /* macOSInjection.bundle */; };
		BBDD84422C4FEA4E000F3124 /* InjectionNext.swift in Sources */ = {isa = PBXBuildFile; fileRef = BBDD84182C4FE7E6000F3124 /* InjectionNext.swift */; };
		BBDD84542C4FEB16000F3124 /* TupleRegex.swift in Sources */ = {isa = PBXBuildFile; fileRef = BBDD84532C4FEB16000F3124 /* TupleRegex.swift */; };
		BBDD84552C4FEC98000F3124 /* SimpleSocket.mm in Sources */ = {isa = PBXBuildFile; fileRef = BB67DBB31FB0CDA8000EAC8A /* SimpleSocket.mm */; };
		BBDD845A2C4FF646000F3124 /* ClientBoot.mm in Sources */ = {isa = PBXBuildFile; fileRef = BBDD84592C4FF645000F3124 /* ClientBoot.mm */; };
		BBE490DB1FB2C643003D41BB /* InjectionBusy.tif in Resources */ = {isa = PBXBuildFile; fileRef = BBE490D91FB2C643003D41BB /* InjectionBusy.tif */; };
		BBE490DC1FB2C643003D41BB /* InjectionError.tif in Resources */ = {isa = PBXBuildFile; fileRef = BBE490DA1FB2C643003D41BB /* InjectionError.tif */; };
		BBEB87122C74FD930044578A /* Quick in Frameworks */ = {isa = PBXBuildFile; productRef = BBEB87112C74FD930044578A /* Quick */; };
		BBF6572E2DAFF00200638170 /* NIMBLE.md in Resources */ = {isa = PBXBuildFile; fileRef = BBF6572C2DAFF00200638170 /* NIMBLE.md */; };
		BBF6572F2DAFF00200638170 /* QUICK.md in Resources */ = {isa = PBXBuildFile; fileRef = BBF6572D2DAFF00200638170 /* QUICK.md */; };
		BBFE1B422ED7C116004E14EE /* SwiftRefs.swift in Sources */ = {isa = PBXBuildFile; fileRef = BBFE1B412ED7C116004E14EE /* SwiftRefs.swift */; };
/* End PBXBuildFile section */

/* Begin PBXContainerItemProxy section */
		BB85A42C2D6B9CA200FA29D0 /* PBXContainerItemProxy */ = {
			isa = PBXContainerItemProxy;
			containerPortal = BB439B5D1FABA64300B4F50B /* Project object */;
			proxyType = 1;
			remoteGlobalIDString = BB85A4232D6B9C5300FA29D0;
			remoteInfo = feedcommands;
		};
		BBDD843D2C4FE8C5000F3124 /* PBXContainerItemProxy */ = {
			isa = PBXContainerItemProxy;
			containerPortal = BB439B5D1FABA64300B4F50B /* Project object */;
			proxyType = 1;
			remoteGlobalIDString = BBDD84122C4FE749000F3124;
			remoteInfo = InjectionBundle;
		};
/* End PBXContainerItemProxy section */

/* Begin PBXCopyFilesBuildPhase section */
		BB6224721FC5BA6F00AD7A3A /* CopyFiles */ = {
			isa = PBXCopyFilesBuildPhase;
			buildActionMask = 2147483647;
			dstPath = Contents/Library/LaunchServices;
			dstSubfolderSpec = 1;
			files = (
			);
			runOnlyForDeploymentPostprocessing = 0;
		};
		BB6C87DB2520D0D3005AFCFC /* Embed Frameworks */ = {
			isa = PBXCopyFilesBuildPhase;
			buildActionMask = 2147483647;
			dstPath = "";
			dstSubfolderSpec = 10;
			files = (
			);
			name = "Embed Frameworks";
			runOnlyForDeploymentPostprocessing = 0;
		};
		BB85A4222D6B9C5300FA29D0 /* CopyFiles */ = {
			isa = PBXCopyFilesBuildPhase;
			buildActionMask = 2147483647;
			dstPath = /usr/share/man/man1/;
			dstSubfolderSpec = 0;
			files = (
			);
			runOnlyForDeploymentPostprocessing = 1;
		};
/* End PBXCopyFilesBuildPhase section */

/* Begin PBXFileReference section */
		222BC9442C157C3200780A41 /* InjectionReady.tif */ = {isa = PBXFileReference; lastKnownFileType = image.tiff; path = InjectionReady.tif; sourceTree = "<group>"; };
		224E57FC2C08BAE200B71C79 /* InjectionClient.h */ = {isa = PBXFileReference; fileEncoding = 4; lastKnownFileType = sourcecode.c.h; name = InjectionClient.h; path = ../../Sources/InjectionNextC/include/InjectionClient.h; sourceTree = "<group>"; };
		224E57FD2C08BBE300B71C79 /* InjectionServer.swift */ = {isa = PBXFileReference; lastKnownFileType = sourcecode.swift; path = InjectionServer.swift; sourceTree = "<group>"; };
		224E57FF2C08BC0E00B71C79 /* MonitorXcode.swift */ = {isa = PBXFileReference; lastKnownFileType = sourcecode.swift; path = MonitorXcode.swift; sourceTree = "<group>"; };
		22B6459F2C18DD9D00F99B61 /* Unhider.swift */ = {isa = PBXFileReference; lastKnownFileType = sourcecode.swift; path = Unhider.swift; sourceTree = "<group>"; };
		BB037DF31FAD808B004B267C /* README.md */ = {isa = PBXFileReference; lastKnownFileType = net.daringfireball.markdown; name = README.md; path = ../README.md; sourceTree = "<group>"; };
		BB037DF41FAD80D0004B267C /* LICENSE */ = {isa = PBXFileReference; fileEncoding = 4; lastKnownFileType = text; path = LICENSE; sourceTree = "<group>"; };
		BB16653925E9A5F0001407AE /* main.m */ = {isa = PBXFileReference; fileEncoding = 4; lastKnownFileType = sourcecode.c.objc; path = main.m; sourceTree = "<group>"; };
		BB2A66352E3E753B001EDD38 /* BAZEL.md */ = {isa = PBXFileReference; lastKnownFileType = net.daringfireball.markdown; name = BAZEL.md; path = ../BAZEL.md; sourceTree = SOURCE_ROOT; };
		BB42F8D22EB626F100FDBBCC /* EasyPointer.swift */ = {isa = PBXFileReference; lastKnownFileType = sourcecode.swift; path = EasyPointer.swift; sourceTree = "<group>"; };
		BB42F8D32EB626F100FDBBCC /* Info.plist */ = {isa = PBXFileReference; lastKnownFileType = text.plist.xml; path = Info.plist; sourceTree = "<group>"; };
		BB42F8D42EB626F100FDBBCC /* StringIndex.swift */ = {isa = PBXFileReference; lastKnownFileType = sourcecode.swift; path = StringIndex.swift; sourceTree = "<group>"; };
		BB42F8D52EB626F100FDBBCC /* SwiftArgs.swift */ = {isa = PBXFileReference; lastKnownFileType = sourcecode.swift; path = SwiftArgs.swift; sourceTree = "<group>"; };
		BB42F8D62EB626F100FDBBCC /* SwiftAspects.swift */ = {isa = PBXFileReference; lastKnownFileType = sourcecode.swift; path = SwiftAspects.swift; sourceTree = "<group>"; };
		BB42F8D72EB626F100FDBBCC /* SwiftInterpose.swift */ = {isa = PBXFileReference; lastKnownFileType = sourcecode.swift; path = SwiftInterpose.swift; sourceTree = "<group>"; };
		BB42F8D82EB626F100FDBBCC /* SwiftInvoke.swift */ = {isa = PBXFileReference; lastKnownFileType = sourcecode.swift; path = SwiftInvoke.swift; sourceTree = "<group>"; };
		BB42F8D92EB626F100FDBBCC /* SwiftLifetime.swift */ = {isa = PBXFileReference; lastKnownFileType = sourcecode.swift; path = SwiftLifetime.swift; sourceTree = "<group>"; };
		BB42F8DA2EB626F100FDBBCC /* SwiftMeta.swift */ = {isa = PBXFileReference; lastKnownFileType = sourcecode.swift; path = SwiftMeta.swift; sourceTree = "<group>"; };
		BB42F8DB2EB626F100FDBBCC /* SwiftStack.swift */ = {isa = PBXFileReference; lastKnownFileType = sourcecode.swift; path = SwiftStack.swift; sourceTree = "<group>"; };
		BB42F8DC2EB626F100FDBBCC /* SwiftStats.swift */ = {isa = PBXFileReference; lastKnownFileType = sourcecode.swift; path = SwiftStats.swift; sourceTree = "<group>"; };
		BB42F8DD2EB626F100FDBBCC /* SwiftSwizzle.swift */ = {isa = PBXFileReference; lastKnownFileType = sourcecode.swift; path = SwiftSwizzle.swift; sourceTree = "<group>"; };
		BB42F8DE2EB626F100FDBBCC /* SwiftTrace.h */ = {isa = PBXFileReference; lastKnownFileType = sourcecode.c.h; path = SwiftTrace.h; sourceTree = "<group>"; };
		BB42F8DF2EB626F100FDBBCC /* SwiftTrace.swift */ = {isa = PBXFileReference; lastKnownFileType = sourcecode.swift; path = SwiftTrace.swift; sourceTree = "<group>"; };
		BB42F91A2EB639D100FDBBCC /* Demangling.swift */ = {isa = PBXFileReference; lastKnownFileType = sourcecode.swift; path = Demangling.swift; sourceTree = "<group>"; };
		BB42F91B2EB639D100FDBBCC /* DLKit.swift */ = {isa = PBXFileReference; lastKnownFileType = sourcecode.swift; path = DLKit.swift; sourceTree = "<group>"; };
		BB42F91C2EB639D100FDBBCC /* FileSymbols.swift */ = {isa = PBXFileReference; lastKnownFileType = sourcecode.swift; path = FileSymbols.swift; sourceTree = "<group>"; };
		BB42F91D2EB639D100FDBBCC /* ImageSymbols.swift */ = {isa = PBXFileReference; lastKnownFileType = sourcecode.swift; path = ImageSymbols.swift; sourceTree = "<group>"; };
		BB42F91E2EB639D100FDBBCC /* Interposing.swift */ = {isa = PBXFileReference; lastKnownFileType = sourcecode.swift; path = Interposing.swift; sourceTree = "<group>"; };
		BB42F91F2EB639D100FDBBCC /* Iterators.swift */ = {isa = PBXFileReference; lastKnownFileType = sourcecode.swift; path = Iterators.swift; sourceTree = "<group>"; };
		BB42F9272EB639E500FDBBCC /* DLKitC.h */ = {isa = PBXFileReference; lastKnownFileType = sourcecode.c.h; path = DLKitC.h; sourceTree = "<group>"; };
		BB42F9292EB639E500FDBBCC /* DLKitC.c */ = {isa = PBXFileReference; lastKnownFileType = sourcecode.c.c; path = DLKitC.c; sourceTree = "<group>"; };
		BB42F92A2EB639E500FDBBCC /* trie_dladdr.mm */ = {isa = PBXFileReference; lastKnownFileType = sourcecode.cpp.objcpp; path = trie_dladdr.mm; sourceTree = "<group>"; };
		BB42F92B2EB639E500FDBBCC /* trie_dlops.mm */ = {isa = PBXFileReference; lastKnownFileType = sourcecode.cpp.objcpp; path = trie_dlops.mm; sourceTree = "<group>"; };
		BB42F9302EB63AAF00FDBBCC /* InjectionImplC.h */ = {isa = PBXFileReference; lastKnownFileType = sourcecode.c.h; name = InjectionImplC.h; path = ../InjectionLite/Sources/InjectionImplC/include/InjectionImplC.h; sourceTree = SOURCE_ROOT; };
		BB42F9312EB63C2900FDBBCC /* Common.swift */ = {isa = PBXFileReference; lastKnownFileType = sourcecode.swift; path = Common.swift; sourceTree = "<group>"; };
		BB42F9322EB63C2900FDBBCC /* Generics.swift */ = {isa = PBXFileReference; lastKnownFileType = sourcecode.swift; path = Generics.swift; sourceTree = "<group>"; };
		BB42F9332EB63C2900FDBBCC /* KeyPaths.swift */ = {isa = PBXFileReference; lastKnownFileType = sourcecode.swift; path = KeyPaths.swift; sourceTree = "<group>"; };
		BB42F9342EB63C2900FDBBCC /* Metadata.swift */ = {isa = PBXFileReference; lastKnownFileType = sourcecode.swift; path = Metadata.swift; sourceTree = "<group>"; };
		BB42F9352EB63C2900FDBBCC /* Reloader.swift */ = {isa = PBXFileReference; lastKnownFileType = sourcecode.swift; path = Reloader.swift; sourceTree = "<group>"; };
		BB42F9362EB63C2900FDBBCC /* Sweeper.swift */ = {isa = PBXFileReference; lastKnownFileType = sourcecode.swift; path = Sweeper.swift; sourceTree = "<group>"; };
		BB42F9402EB63E3400FDBBCC /* FileWatcher.swift */ = {isa = PBXFileReference; lastKnownFileType = sourcecode.swift; path = FileWatcher.swift; sourceTree = "<group>"; };
		BB42F9412EB63E3400FDBBCC /* InjectionBase.swift */ = {isa = PBXFileReference; lastKnownFileType = sourcecode.swift; path = InjectionBase.swift; sourceTree = "<group>"; };
		BB42F9422EB63E3400FDBBCC /* InjectionLite.swift */ = {isa = PBXFileReference; lastKnownFileType = sourcecode.swift; path = InjectionLite.swift; sourceTree = "<group>"; };
		BB42F9432EB63E3400FDBBCC /* LogParser.swift */ = {isa = PBXFileReference; lastKnownFileType = sourcecode.swift; path = LogParser.swift; sourceTree = "<group>"; };
		BB42F9442EB63E3400FDBBCC /* Recompiler.swift */ = {isa = PBXFileReference; lastKnownFileType = sourcecode.swift; path = Recompiler.swift; sourceTree = "<group>"; };
		BB42F94F2EB63EFF00FDBBCC /* BazelActionQueryHandler.swift */ = {isa = PBXFileReference; lastKnownFileType = sourcecode.swift; path = BazelActionQueryHandler.swift; sourceTree = "<group>"; };
		BB42F9502EB63EFF00FDBBCC /* BazelAQueryParser.swift */ = {isa = PBXFileReference; lastKnownFileType = sourcecode.swift; path = BazelAQueryParser.swift; sourceTree = "<group>"; };
		BB42F9512EB63EFF00FDBBCC /* BazelInterface.swift */ = {isa = PBXFileReference; lastKnownFileType = sourcecode.swift; path = BazelInterface.swift; sourceTree = "<group>"; };
		BB42F9522EB63EFF00FDBBCC /* FilenameMatcher.swift */ = {isa = PBXFileReference; lastKnownFileType = sourcecode.swift; path = FilenameMatcher.swift; sourceTree = "<group>"; };
		BB42F9532EB63EFF00FDBBCC /* GitIgnoreParser.swift */ = {isa = PBXFileReference; lastKnownFileType = sourcecode.swift; path = GitIgnoreParser.swift; sourceTree = "<group>"; };
		BB4654802C257F110080EC40 /* NextCompiler.swift */ = {isa = PBXFileReference; lastKnownFileType = sourcecode.swift; path = NextCompiler.swift; sourceTree = "<group>"; };
		BB47887C2EB6B6E700464AB4 /* InjectionImplC.h */ = {isa = PBXFileReference; lastKnownFileType = sourcecode.c.h; path = InjectionImplC.h; sourceTree = "<group>"; };
		BB47887E2EB6B6E700464AB4 /* InjectionBoot.mm */ = {isa = PBXFileReference; lastKnownFileType = sourcecode.cpp.objcpp; path = InjectionBoot.mm; sourceTree = "<group>"; };
		BB4788822EB6B81A00464AB4 /* fishhook.h */ = {isa = PBXFileReference; lastKnownFileType = sourcecode.c.h; path = fishhook.h; sourceTree = "<group>"; };
		BB4788832EB6B81A00464AB4 /* SwiftTrace.h */ = {isa = PBXFileReference; lastKnownFileType = sourcecode.c.h; path = SwiftTrace.h; sourceTree = "<group>"; };
		BB4788852EB6B81A00464AB4 /* fast_dladdr.mm */ = {isa = PBXFileReference; lastKnownFileType = sourcecode.cpp.objcpp; path = fast_dladdr.mm; sourceTree = "<group>"; };
		BB4788862EB6B81A00464AB4 /* fishhook.c */ = {isa = PBXFileReference; lastKnownFileType = sourcecode.c.c; path = fishhook.c; sourceTree = "<group>"; };
		BB4788872EB6B81A00464AB4 /* ObjCBridge.mm */ = {isa = PBXFileReference; lastKnownFileType = sourcecode.cpp.objcpp; path = ObjCBridge.mm; sourceTree = "<group>"; };
		BB4788882EB6B81A00464AB4 /* SwiftTrace.mm */ = {isa = PBXFileReference; lastKnownFileType = sourcecode.cpp.objcpp; path = SwiftTrace.mm; sourceTree = "<group>"; };
		BB4788892EB6B81A00464AB4 /* SwiftTrace-Swift.h */ = {isa = PBXFileReference; lastKnownFileType = sourcecode.c.h; path = "SwiftTrace-Swift.h"; sourceTree = "<group>"; };
		BB47888A2EB6B81A00464AB4 /* Trampolines.mm */ = {isa = PBXFileReference; lastKnownFileType = sourcecode.cpp.objcpp; path = Trampolines.mm; sourceTree = "<group>"; };
		BB47888B2EB6B81A00464AB4 /* xt_forwarding_trampoline_arm7.s */ = {isa = PBXFileReference; lastKnownFileType = sourcecode.asm; path = xt_forwarding_trampoline_arm7.s; sourceTree = "<group>"; };
		BB47888C2EB6B81A00464AB4 /* xt_forwarding_trampoline_arm64.s */ = {isa = PBXFileReference; lastKnownFileType = sourcecode.asm; path = xt_forwarding_trampoline_arm64.s; sourceTree = "<group>"; };
		BB47888D2EB6B81A00464AB4 /* xt_forwarding_trampoline_x64.s */ = {isa = PBXFileReference; lastKnownFileType = sourcecode.asm; path = xt_forwarding_trampoline_x64.s; sourceTree = "<group>"; };
		BB47888E2EB6B81A00464AB4 /* xt_forwarding_trampoline_x86.s */ = {isa = PBXFileReference; lastKnownFileType = sourcecode.asm; path = xt_forwarding_trampoline_x86.s; sourceTree = "<group>"; };
		BB5155D92CDED44400704C7A /* InjectionHybrid.swift */ = {isa = PBXFileReference; lastKnownFileType = sourcecode.swift; path = InjectionHybrid.swift; sourceTree = "<group>"; };
		BB67DBB21FB0CDA8000EAC8A /* SimpleSocket.h */ = {isa = PBXFileReference; lastKnownFileType = sourcecode.c.h; name = SimpleSocket.h; path = ../../Sources/InjectionNextC/include/SimpleSocket.h; sourceTree = "<group>"; };
		BB67DBB31FB0CDA8000EAC8A /* SimpleSocket.mm */ = {isa = PBXFileReference; lastKnownFileType = sourcecode.cpp.objcpp; name = SimpleSocket.mm; path = ../../Sources/InjectionNextC/SimpleSocket.mm; sourceTree = "<group>"; };
		BB6A56EF2C50E73600C92112 /* Defaults.swift */ = {isa = PBXFileReference; lastKnownFileType = sourcecode.swift; path = Defaults.swift; sourceTree = "<group>"; };
		BB6A56F22C51154F00C92112 /* InjectionBundle-Bridging-Header.h */ = {isa = PBXFileReference; fileEncoding = 4; lastKnownFileType = sourcecode.c.h; path = "InjectionBundle-Bridging-Header.h"; sourceTree = "<group>"; };
		BB85A4242D6B9C5300FA29D0 /* feedcommands */ = {isa = PBXFileReference; explicitFileType = "compiled.mach-o.executable"; includeInIndex = 0; path = feedcommands; sourceTree = BUILT_PRODUCTS_DIR; };
		BBA082352D6BC32D00FFFB2F /* FrontendServer.swift */ = {isa = PBXFileReference; lastKnownFileType = sourcecode.swift; path = FrontendServer.swift; sourceTree = "<group>"; };
		BBA082372D6BD6CB00FFFB2F /* swift-frontend.sh */ = {isa = PBXFileReference; lastKnownFileType = text.script.sh; path = "swift-frontend.sh"; sourceTree = "<group>"; };
		BBB040631FB1798A007DDD0A /* ScriptingBridge.framework */ = {isa = PBXFileReference; lastKnownFileType = wrapper.framework; name = ScriptingBridge.framework; path = Platforms/MacOSX.platform/Developer/SDKs/MacOSX10.13.sdk/System/Library/Frameworks/ScriptingBridge.framework; sourceTree = DEVELOPER_DIR; };
		BBB64DE41FD571300020BE47 /* libz.tbd */ = {isa = PBXFileReference; lastKnownFileType = "sourcecode.text-based-dylib-definition"; name = libz.tbd; path = Platforms/MacOSX.platform/Developer/SDKs/MacOSX10.13.sdk/usr/lib/libz.tbd; sourceTree = DEVELOPER_DIR; };
		BBB64FEB1FD585D50020BE47 /* WebKit.framework */ = {isa = PBXFileReference; lastKnownFileType = wrapper.framework; name = WebKit.framework; path = Platforms/MacOSX.platform/Developer/SDKs/MacOSX10.13.sdk/System/Library/Frameworks/WebKit.framework; sourceTree = DEVELOPER_DIR; };
		BBBEC42D1FC56522004188B3 /* XCTest.framework */ = {isa = PBXFileReference; lastKnownFileType = wrapper.framework; name = XCTest.framework; path = Platforms/MacOSX.platform/Developer/Library/Frameworks/XCTest.framework; sourceTree = DEVELOPER_DIR; };
		BBCA01FE1FB0F10300E45F0F /* InjectionNext.app */ = {isa = PBXFileReference; explicitFileType = wrapper.application; includeInIndex = 0; path = InjectionNext.app; sourceTree = BUILT_PRODUCTS_DIR; };
		BBCA02011FB0F10300E45F0F /* AppDelegate.swift */ = {isa = PBXFileReference; lastKnownFileType = sourcecode.swift; path = AppDelegate.swift; sourceTree = "<group>"; };
		BBCA02031FB0F10300E45F0F /* Assets.xcassets */ = {isa = PBXFileReference; lastKnownFileType = folder.assetcatalog; path = Assets.xcassets; sourceTree = "<group>"; };
		BBCA02061FB0F10300E45F0F /* Base */ = {isa = PBXFileReference; lastKnownFileType = file.xib; name = Base; path = Base.lproj/MainMenu.xib; sourceTree = "<group>"; };
		BBCA02081FB0F10400E45F0F /* Info.plist */ = {isa = PBXFileReference; lastKnownFileType = text.plist.xml; path = Info.plist; sourceTree = "<group>"; };
		BBCA020B1FB0F10400E45F0F /* InjectionNext.entitlements */ = {isa = PBXFileReference; lastKnownFileType = text.plist.entitlements; path = InjectionNext.entitlements; sourceTree = "<group>"; };
		BBCA02581FB112F500E45F0F /* App.icns */ = {isa = PBXFileReference; lastKnownFileType = image.icns; path = App.icns; sourceTree = "<group>"; };
		BBCA025E1FB122C300E45F0F /* InjectionIdle.tif */ = {isa = PBXFileReference; lastKnownFileType = image.tiff; path = InjectionIdle.tif; sourceTree = "<group>"; };
		BBCA025F1FB122C300E45F0F /* InjectionOK.tif */ = {isa = PBXFileReference; lastKnownFileType = image.tiff; path = InjectionOK.tif; sourceTree = "<group>"; };
		BBCCC3B02C73A6AD00E71F81 /* XCTest.framework */ = {isa = PBXFileReference; lastKnownFileType = wrapper.framework; name = XCTest.framework; path = Platforms/WatchOS.platform/Developer/Library/Frameworks/XCTest.framework; sourceTree = DEVELOPER_DIR; };
		BBDD84132C4FE749000F3124 /* macOSInjection.bundle */ = {isa = PBXFileReference; explicitFileType = wrapper.cfbundle; includeInIndex = 0; path = macOSInjection.bundle; sourceTree = BUILT_PRODUCTS_DIR; };
		BBDD84182C4FE7E6000F3124 /* InjectionNext.swift */ = {isa = PBXFileReference; fileEncoding = 4; lastKnownFileType = sourcecode.swift; name = InjectionNext.swift; path = ../../Sources/InjectionNext/InjectionNext.swift; sourceTree = "<group>"; };
		BBDD843A2C4FE892000F3124 /* InjectionBoot.mm */ = {isa = PBXFileReference; fileEncoding = 4; lastKnownFileType = sourcecode.cpp.objcpp; name = InjectionBoot.mm; path = ../../InjectionLite/Sources/InjectionImplC/InjectionBoot.mm; sourceTree = "<group>"; };
		BBDD84532C4FEB16000F3124 /* TupleRegex.swift */ = {isa = PBXFileReference; fileEncoding = 4; lastKnownFileType = sourcecode.swift; name = TupleRegex.swift; path = ../../SwiftRegex5/SwiftRegex5.playground/Sources/TupleRegex.swift; sourceTree = "<group>"; };
		BBDD84562C4FED60000F3124 /* build_bundles.sh */ = {isa = PBXFileReference; lastKnownFileType = text.script.sh; path = build_bundles.sh; sourceTree = "<group>"; };
		BBDD84582C4FF0B9000F3124 /* copy_bundle.sh */ = {isa = PBXFileReference; lastKnownFileType = text.script.sh; path = copy_bundle.sh; sourceTree = "<group>"; };
		BBDD84592C4FF645000F3124 /* ClientBoot.mm */ = {isa = PBXFileReference; fileEncoding = 4; lastKnownFileType = sourcecode.cpp.objcpp; name = ClientBoot.mm; path = ../../Sources/InjectionNextC/ClientBoot.mm; sourceTree = "<group>"; };
		BBDF943C2349277A00334E08 /* InjectionNext-Bridging-Header.h */ = {isa = PBXFileReference; fileEncoding = 4; lastKnownFileType = sourcecode.c.h; path = "InjectionNext-Bridging-Header.h"; sourceTree = "<group>"; };
		BBE490D91FB2C643003D41BB /* InjectionBusy.tif */ = {isa = PBXFileReference; lastKnownFileType = image.tiff; path = InjectionBusy.tif; sourceTree = "<group>"; };
		BBE490DA1FB2C643003D41BB /* InjectionError.tif */ = {isa = PBXFileReference; lastKnownFileType = image.tiff; path = InjectionError.tif; sourceTree = "<group>"; };
		BBF6572C2DAFF00200638170 /* NIMBLE.md */ = {isa = PBXFileReference; lastKnownFileType = net.daringfireball.markdown; path = NIMBLE.md; sourceTree = "<group>"; };
		BBF6572D2DAFF00200638170 /* QUICK.md */ = {isa = PBXFileReference; lastKnownFileType = net.daringfireball.markdown; path = QUICK.md; sourceTree = "<group>"; };
		BBFE1B412ED7C116004E14EE /* SwiftRefs.swift */ = {isa = PBXFileReference; lastKnownFileType = sourcecode.swift; path = SwiftRefs.swift; sourceTree = "<group>"; };
		CEC17029253ED117002E823F /* Experimental.swift */ = {isa = PBXFileReference; lastKnownFileType = sourcecode.swift; path = Experimental.swift; sourceTree = "<group>"; };
/* End PBXFileReference section */

/* Begin PBXFileSystemSynchronizedRootGroup section */
		BB85A4252D6B9C5300FA29D0 /* feedcommands */ = {isa = PBXFileSystemSynchronizedRootGroup; explicitFileTypes = {}; explicitFolders = (); path = feedcommands; sourceTree = "<group>"; };
/* End PBXFileSystemSynchronizedRootGroup section */

/* Begin PBXFrameworksBuildPhase section */
		BB85A4212D6B9C5300FA29D0 /* Frameworks */ = {
			isa = PBXFrameworksBuildPhase;
			buildActionMask = 2147483647;
			files = (
			);
			runOnlyForDeploymentPostprocessing = 0;
		};
		BBCA01FB1FB0F10300E45F0F /* Frameworks */ = {
			isa = PBXFrameworksBuildPhase;
			buildActionMask = 2147483647;
			files = (
				2217BE812C0A65C20032A832 /* Fortify in Frameworks */,
				22E3D98D2C19009900BB234E /* DLKitC in Frameworks */,
				BBB64FEC1FD585D50020BE47 /* WebKit.framework in Frameworks */,
				22E3D98B2C19009900BB234E /* DLKit in Frameworks */,
				BBB040641FB17A6C007DDD0A /* ScriptingBridge.framework in Frameworks */,
				224E57FB2C08978F00B71C79 /* SwiftRegex in Frameworks */,
				BBB64DE51FD571310020BE47 /* libz.tbd in Frameworks */,
				BB2D41AC2DAD14EA0073C203 /* Popen in Frameworks */,
			);
			runOnlyForDeploymentPostprocessing = 0;
		};
		BBDD84102C4FE749000F3124 /* Frameworks */ = {
			isa = PBXFrameworksBuildPhase;
			buildActionMask = 2147483647;
			files = (
				BB0CECB02C73C1610000A4E6 /* Quick in Frameworks */,
				BBEB87122C74FD930044578A /* Quick in Frameworks */,
				BB0CECB32C73C1890000A4E6 /* Nimble in Frameworks */,
				BBCCC3B72C73B6FD00E71F81 /* XCTest.framework in Frameworks */,
			);
			runOnlyForDeploymentPostprocessing = 0;
		};
/* End PBXFrameworksBuildPhase section */

/* Begin PBXGroup section */
		BB42F8E02EB626F100FDBBCC /* SwiftTrace */ = {
			isa = PBXGroup;
			children = (
				BB47888F2EB6B81A00464AB4 /* SwiftTraceGuts */,
				BB42F8D22EB626F100FDBBCC /* EasyPointer.swift */,
				BB42F8D32EB626F100FDBBCC /* Info.plist */,
				BB42F8D42EB626F100FDBBCC /* StringIndex.swift */,
				BB42F8D52EB626F100FDBBCC /* SwiftArgs.swift */,
				BB42F8D62EB626F100FDBBCC /* SwiftAspects.swift */,
				BB42F8D72EB626F100FDBBCC /* SwiftInterpose.swift */,
				BB42F8D82EB626F100FDBBCC /* SwiftInvoke.swift */,
				BB42F8D92EB626F100FDBBCC /* SwiftLifetime.swift */,
				BB42F8DA2EB626F100FDBBCC /* SwiftMeta.swift */,
				BBFE1B412ED7C116004E14EE /* SwiftRefs.swift */,
				BB42F8DB2EB626F100FDBBCC /* SwiftStack.swift */,
				BB42F8DC2EB626F100FDBBCC /* SwiftStats.swift */,
				BB42F8DD2EB626F100FDBBCC /* SwiftSwizzle.swift */,
				BB42F8DE2EB626F100FDBBCC /* SwiftTrace.h */,
				BB42F8DF2EB626F100FDBBCC /* SwiftTrace.swift */,
			);
			name = SwiftTrace;
			path = ../SwiftTrace/SwiftTrace;
			sourceTree = SOURCE_ROOT;
		};
		BB42F9202EB639D100FDBBCC /* DLKit */ = {
			isa = PBXGroup;
			children = (
				BB42F92C2EB639E500FDBBCC /* DLKitC */,
				BB42F91A2EB639D100FDBBCC /* Demangling.swift */,
				BB42F91B2EB639D100FDBBCC /* DLKit.swift */,
				BB42F91C2EB639D100FDBBCC /* FileSymbols.swift */,
				BB42F91D2EB639D100FDBBCC /* ImageSymbols.swift */,
				BB42F91E2EB639D100FDBBCC /* Interposing.swift */,
				BB42F91F2EB639D100FDBBCC /* Iterators.swift */,
			);
			name = DLKit;
			path = ../DLKit/Sources/DLKit;
			sourceTree = SOURCE_ROOT;
		};
		BB42F9282EB639E500FDBBCC /* include */ = {
			isa = PBXGroup;
			children = (
				BB42F9272EB639E500FDBBCC /* DLKitC.h */,
			);
			path = include;
			sourceTree = "<group>";
		};
		BB42F92C2EB639E500FDBBCC /* DLKitC */ = {
			isa = PBXGroup;
			children = (
				BB42F9282EB639E500FDBBCC /* include */,
				BB42F9292EB639E500FDBBCC /* DLKitC.c */,
				BB42F92A2EB639E500FDBBCC /* trie_dladdr.mm */,
				BB42F92B2EB639E500FDBBCC /* trie_dlops.mm */,
			);
			name = DLKitC;
			path = ../DLKit/Sources/DLKitC;
			sourceTree = SOURCE_ROOT;
		};
		BB42F9372EB63C2900FDBBCC /* InjectionImpl */ = {
			isa = PBXGroup;
			children = (
				BB47887F2EB6B6E700464AB4 /* InjectionImplC */,
				BB42F9312EB63C2900FDBBCC /* Common.swift */,
				BB42F9322EB63C2900FDBBCC /* Generics.swift */,
				BB42F9332EB63C2900FDBBCC /* KeyPaths.swift */,
				BB42F9342EB63C2900FDBBCC /* Metadata.swift */,
				BB42F9352EB63C2900FDBBCC /* Reloader.swift */,
				BB42F9362EB63C2900FDBBCC /* Sweeper.swift */,
			);
			name = InjectionImpl;
			path = ../InjectionLite/Sources/InjectionImpl;
			sourceTree = SOURCE_ROOT;
		};
		BB42F9452EB63E3400FDBBCC /* InjectionLite */ = {
			isa = PBXGroup;
			children = (
				BB42F9402EB63E3400FDBBCC /* FileWatcher.swift */,
				BB42F9412EB63E3400FDBBCC /* InjectionBase.swift */,
				BB42F9422EB63E3400FDBBCC /* InjectionLite.swift */,
				BB42F9432EB63E3400FDBBCC /* LogParser.swift */,
				BB42F9442EB63E3400FDBBCC /* Recompiler.swift */,
			);
			name = InjectionLite;
			path = ../InjectionLite/Sources/InjectionLite;
			sourceTree = SOURCE_ROOT;
		};
		BB42F9542EB63EFF00FDBBCC /* InjectionBazel */ = {
			isa = PBXGroup;
			children = (
				BB42F94F2EB63EFF00FDBBCC /* BazelActionQueryHandler.swift */,
				BB42F9502EB63EFF00FDBBCC /* BazelAQueryParser.swift */,
				BB42F9512EB63EFF00FDBBCC /* BazelInterface.swift */,
				BB42F9522EB63EFF00FDBBCC /* FilenameMatcher.swift */,
				BB42F9532EB63EFF00FDBBCC /* GitIgnoreParser.swift */,
			);
			name = InjectionBazel;
			path = ../InjectionLite/Sources/InjectionBazel;
			sourceTree = SOURCE_ROOT;
		};
		BB439B5C1FABA64300B4F50B = {
			isa = PBXGroup;
			children = (
				BB037DF41FAD80D0004B267C /* LICENSE */,
				BB2A66352E3E753B001EDD38 /* BAZEL.md */,
				BBF6572D2DAFF00200638170 /* QUICK.md */,
				BBF6572C2DAFF00200638170 /* NIMBLE.md */,
				BB037DF31FAD808B004B267C /* README.md */,
				BBCA01FF1FB0F10300E45F0F /* InjectionNext */,
				BBDD84172C4FE79E000F3124 /* InjectionBundle */,
				BB85A4252D6B9C5300FA29D0 /* feedcommands */,
				BB439B661FABA64300B4F50B /* Products */,
				BBB040621FB1798A007DDD0A /* Frameworks */,
			);
			indentWidth = 4;
			sourceTree = "<group>";
			tabWidth = 4;
		};
		BB439B661FABA64300B4F50B /* Products */ = {
			isa = PBXGroup;
			children = (
				BBCA01FE1FB0F10300E45F0F /* InjectionNext.app */,
				BBDD84132C4FE749000F3124 /* macOSInjection.bundle */,
				BB85A4242D6B9C5300FA29D0 /* feedcommands */,
			);
			name = Products;
			sourceTree = "<group>";
		};
		BB47887D2EB6B6E700464AB4 /* include */ = {
			isa = PBXGroup;
			children = (
				BB47887C2EB6B6E700464AB4 /* InjectionImplC.h */,
			);
			path = include;
			sourceTree = "<group>";
		};
		BB47887F2EB6B6E700464AB4 /* InjectionImplC */ = {
			isa = PBXGroup;
			children = (
				BB47887D2EB6B6E700464AB4 /* include */,
				BB47887E2EB6B6E700464AB4 /* InjectionBoot.mm */,
			);
			name = InjectionImplC;
			path = ../InjectionLite/Sources/InjectionImplC;
			sourceTree = SOURCE_ROOT;
		};
		BB4788842EB6B81A00464AB4 /* include */ = {
			isa = PBXGroup;
			children = (
				BB4788822EB6B81A00464AB4 /* fishhook.h */,
				BB4788832EB6B81A00464AB4 /* SwiftTrace.h */,
			);
			path = include;
			sourceTree = "<group>";
		};
		BB47888F2EB6B81A00464AB4 /* SwiftTraceGuts */ = {
			isa = PBXGroup;
			children = (
				BB4788842EB6B81A00464AB4 /* include */,
				BB4788852EB6B81A00464AB4 /* fast_dladdr.mm */,
				BB4788862EB6B81A00464AB4 /* fishhook.c */,
				BB4788872EB6B81A00464AB4 /* ObjCBridge.mm */,
				BB4788882EB6B81A00464AB4 /* SwiftTrace.mm */,
				BB4788892EB6B81A00464AB4 /* SwiftTrace-Swift.h */,
				BB47888A2EB6B81A00464AB4 /* Trampolines.mm */,
				BB47888B2EB6B81A00464AB4 /* xt_forwarding_trampoline_arm7.s */,
				BB47888C2EB6B81A00464AB4 /* xt_forwarding_trampoline_arm64.s */,
				BB47888D2EB6B81A00464AB4 /* xt_forwarding_trampoline_x64.s */,
				BB47888E2EB6B81A00464AB4 /* xt_forwarding_trampoline_x86.s */,
			);
			name = SwiftTraceGuts;
			path = ../SwiftTrace/SwiftTraceGuts;
			sourceTree = SOURCE_ROOT;
		};
		BBB040621FB1798A007DDD0A /* Frameworks */ = {
			isa = PBXGroup;
			children = (
				BBCCC3B02C73A6AD00E71F81 /* XCTest.framework */,
				BBB64FEB1FD585D50020BE47 /* WebKit.framework */,
				BBB64DE41FD571300020BE47 /* libz.tbd */,
				BBBEC42D1FC56522004188B3 /* XCTest.framework */,
				BBB040631FB1798A007DDD0A /* ScriptingBridge.framework */,
			);
			name = Frameworks;
			sourceTree = "<group>";
		};
		BBCA01FF1FB0F10300E45F0F /* InjectionNext */ = {
			isa = PBXGroup;
			children = (
				BB16653925E9A5F0001407AE /* main.m */,
				BBCA02011FB0F10300E45F0F /* AppDelegate.swift */,
				BB4654802C257F110080EC40 /* NextCompiler.swift */,
				224E57FF2C08BC0E00B71C79 /* MonitorXcode.swift */,
				224E57FD2C08BBE300B71C79 /* InjectionServer.swift */,
				BB5155D92CDED44400704C7A /* InjectionHybrid.swift */,
				BBA082352D6BC32D00FFFB2F /* FrontendServer.swift */,
				CEC17029253ED117002E823F /* Experimental.swift */,
				BB6A56EF2C50E73600C92112 /* Defaults.swift */,
				22B6459F2C18DD9D00F99B61 /* Unhider.swift */,
				224E57FC2C08BAE200B71C79 /* InjectionClient.h */,
				BB67DBB21FB0CDA8000EAC8A /* SimpleSocket.h */,
				BB67DBB31FB0CDA8000EAC8A /* SimpleSocket.mm */,
				BBCA02031FB0F10300E45F0F /* Assets.xcassets */,
				BBCA025E1FB122C300E45F0F /* InjectionIdle.tif */,
				222BC9442C157C3200780A41 /* InjectionReady.tif */,
				BBCA025F1FB122C300E45F0F /* InjectionOK.tif */,
				BBE490D91FB2C643003D41BB /* InjectionBusy.tif */,
				BBE490DA1FB2C643003D41BB /* InjectionError.tif */,
				BBCA02051FB0F10300E45F0F /* MainMenu.xib */,
				BBCA02081FB0F10400E45F0F /* Info.plist */,
				BBCA02581FB112F500E45F0F /* App.icns */,
				BBCA020B1FB0F10400E45F0F /* InjectionNext.entitlements */,
				BBDF943C2349277A00334E08 /* InjectionNext-Bridging-Header.h */,
				BB42F9542EB63EFF00FDBBCC /* InjectionBazel */,
				BBDD84562C4FED60000F3124 /* build_bundles.sh */,
				BBDD84582C4FF0B9000F3124 /* copy_bundle.sh */,
				BBA082372D6BD6CB00FFFB2F /* swift-frontend.sh */,
			);
			path = InjectionNext;
			sourceTree = "<group>";
		};
		BBDD84172C4FE79E000F3124 /* InjectionBundle */ = {
			isa = PBXGroup;
			children = (
				BB42F9302EB63AAF00FDBBCC /* InjectionImplC.h */,
				BBDD84592C4FF645000F3124 /* ClientBoot.mm */,
				BBDD843A2C4FE892000F3124 /* InjectionBoot.mm */,
				BBDD84182C4FE7E6000F3124 /* InjectionNext.swift */,
				BBDD84532C4FEB16000F3124 /* TupleRegex.swift */,
				BB42F9452EB63E3400FDBBCC /* InjectionLite */,
				BB42F9372EB63C2900FDBBCC /* InjectionImpl */,
				BB42F9202EB639D100FDBBCC /* DLKit */,
				BB42F8E02EB626F100FDBBCC /* SwiftTrace */,
				BB6A56F22C51154F00C92112 /* InjectionBundle-Bridging-Header.h */,
			);
			path = InjectionBundle;
			sourceTree = "<group>";
		};
/* End PBXGroup section */

/* Begin PBXNativeTarget section */
		BB85A4232D6B9C5300FA29D0 /* feedcommands */ = {
			isa = PBXNativeTarget;
			buildConfigurationList = BB85A42A2D6B9C5300FA29D0 /* Build configuration list for PBXNativeTarget "feedcommands" */;
			buildPhases = (
				BB85A4202D6B9C5300FA29D0 /* Sources */,
				BB85A4212D6B9C5300FA29D0 /* Frameworks */,
				BB85A4222D6B9C5300FA29D0 /* CopyFiles */,
			);
			buildRules = (
			);
			dependencies = (
			);
			fileSystemSynchronizedGroups = (
				BB85A4252D6B9C5300FA29D0 /* feedcommands */,
			);
			name = feedcommands;
			packageProductDependencies = (
			);
			productName = feedcommands;
			productReference = BB85A4242D6B9C5300FA29D0 /* feedcommands */;
			productType = "com.apple.product-type.tool";
		};
		BBCA01FD1FB0F10300E45F0F /* InjectionNext */ = {
			isa = PBXNativeTarget;
			buildConfigurationList = BBCA020C1FB0F10400E45F0F /* Build configuration list for PBXNativeTarget "InjectionNext" */;
			buildPhases = (
				22240ECB2C0C7178004DCBAD /* Run Script */,
				BBCA01FA1FB0F10300E45F0F /* Sources */,
				BBCA01FB1FB0F10300E45F0F /* Frameworks */,
				BBCA01FC1FB0F10300E45F0F /* Resources */,
				BB6224721FC5BA6F00AD7A3A /* CopyFiles */,
				BB6C87DB2520D0D3005AFCFC /* Embed Frameworks */,
				BBDD84572C4FED87000F3124 /* ShellScript */,
			);
			buildRules = (
			);
			dependencies = (
				BB85A42D2D6B9CA200FA29D0 /* PBXTargetDependency */,
				BBDD843E2C4FE8C5000F3124 /* PBXTargetDependency */,
			);
			name = InjectionNext;
			packageProductDependencies = (
				224E57FA2C08978F00B71C79 /* SwiftRegex */,
				2217BE802C0A65C20032A832 /* Fortify */,
				22E3D98A2C19009900BB234E /* DLKit */,
				22E3D98C2C19009900BB234E /* DLKitC */,
				BB2D41AB2DAD14EA0073C203 /* Popen */,
			);
			productName = InjectionIII;
			productReference = BBCA01FE1FB0F10300E45F0F /* InjectionNext.app */;
			productType = "com.apple.product-type.application";
		};
		BBDD84122C4FE749000F3124 /* InjectionBundle */ = {
			isa = PBXNativeTarget;
			buildConfigurationList = BBDD84162C4FE749000F3124 /* Build configuration list for PBXNativeTarget "InjectionBundle" */;
			buildPhases = (
				BBDD840F2C4FE749000F3124 /* Sources */,
				BBDD84102C4FE749000F3124 /* Frameworks */,
				BBDD84112C4FE749000F3124 /* Resources */,
			);
			buildRules = (
			);
			dependencies = (
				BB2D41AE2DAD15220073C203 /* PBXTargetDependency */,
			);
			name = InjectionBundle;
			productName = InjectionBundle;
			productReference = BBDD84132C4FE749000F3124 /* macOSInjection.bundle */;
			productType = "com.apple.product-type.bundle";
		};
/* End PBXNativeTarget section */

/* Begin PBXProject section */
		BB439B5D1FABA64300B4F50B /* Project object */ = {
			isa = PBXProject;
			attributes = {
				BuildIndependentTargetsInParallel = YES;
				LastSwiftUpdateCheck = 1150;
				LastUpgradeCheck = 1640;
				ORGANIZATIONNAME = "John Holdsworth";
				TargetAttributes = {
					BB85A4232D6B9C5300FA29D0 = {
						CreatedOnToolsVersion = 16.3;
					};
					BBCA01FD1FB0F10300E45F0F = {
						CreatedOnToolsVersion = 9.0.1;
						LastSwiftMigration = 1110;
						ProvisioningStyle = Manual;
						SystemCapabilities = {
							com.apple.Sandbox = {
								enabled = 1;
							};
						};
					};
					BBDD84122C4FE749000F3124 = {
						CreatedOnToolsVersion = 15.2;
					};
				};
			};
			buildConfigurationList = BB439B601FABA64300B4F50B /* Build configuration list for PBXProject "InjectionNext" */;
			compatibilityVersion = "Xcode 8.0";
			developmentRegion = en;
			hasScannedForEncodings = 0;
			knownRegions = (
				en,
				Base,
			);
			mainGroup = BB439B5C1FABA64300B4F50B;
			packageReferences = (
				224E57F92C08978F00B71C79 /* XCRemoteSwiftPackageReference "SwiftRegex5" */,
				2217BE7F2C0A65C20032A832 /* XCRemoteSwiftPackageReference "Fortify" */,
				22E3D9892C19009900BB234E /* XCRemoteSwiftPackageReference "DLKit" */,
				BB0CECB12C73C1890000A4E6 /* XCRemoteSwiftPackageReference "Nimble" */,
				BBEB87102C74FD930044578A /* XCRemoteSwiftPackageReference "Quick" */,
				BB2D41A42DAD10110073C203 /* XCRemoteSwiftPackageReference "Popen" */,
			);
			productRefGroup = BB439B661FABA64300B4F50B /* Products */;
			projectDirPath = "";
			projectRoot = "";
			targets = (
				BBCA01FD1FB0F10300E45F0F /* InjectionNext */,
				BBDD84122C4FE749000F3124 /* InjectionBundle */,
				BB85A4232D6B9C5300FA29D0 /* feedcommands */,
			);
		};
/* End PBXProject section */

/* Begin PBXResourcesBuildPhase section */
		BBCA01FC1FB0F10300E45F0F /* Resources */ = {
			isa = PBXResourcesBuildPhase;
			buildActionMask = 2147483647;
			files = (
				BB4788812EB6B71600464AB4 /* InjectionImplC.h in Resources */,
				BB85A42B2D6B9C7B00FA29D0 /* feedcommands in Resources */,
				BBDD843F2C4FE8D5000F3124 /* macOSInjection.bundle in Resources */,
				BBA082382D6BD6CB00FFFB2F /* swift-frontend.sh in Resources */,
				BB6A56F12C50E79800C92112 /* copy_bundle.sh in Resources */,
				BBB64DC61FD450B40020BE47 /* LICENSE in Resources */,
				BB2A66362E3E753B001EDD38 /* BAZEL.md in Resources */,
				BBB64DC51FD450AF0020BE47 /* README.md in Resources */,
				BBE490DC1FB2C643003D41BB /* InjectionError.tif in Resources */,
				BBCA02591FB112F500E45F0F /* App.icns in Resources */,
				BBCA02601FB122C300E45F0F /* InjectionIdle.tif in Resources */,
				BBF6572E2DAFF00200638170 /* NIMBLE.md in Resources */,
				BBF6572F2DAFF00200638170 /* QUICK.md in Resources */,
				BBCA02611FB122C300E45F0F /* InjectionOK.tif in Resources */,
				BBCA02041FB0F10300E45F0F /* Assets.xcassets in Resources */,
				222BC9452C157C3200780A41 /* InjectionReady.tif in Resources */,
				BBCA02071FB0F10300E45F0F /* MainMenu.xib in Resources */,
				BBE490DB1FB2C643003D41BB /* InjectionBusy.tif in Resources */,
			);
			runOnlyForDeploymentPostprocessing = 0;
		};
		BBDD84112C4FE749000F3124 /* Resources */ = {
			isa = PBXResourcesBuildPhase;
			buildActionMask = 2147483647;
			files = (
			);
			runOnlyForDeploymentPostprocessing = 0;
		};
/* End PBXResourcesBuildPhase section */

/* Begin PBXShellScriptBuildPhase section */
		22240ECB2C0C7178004DCBAD /* Run Script */ = {
			isa = PBXShellScriptBuildPhase;
			alwaysOutOfDate = 1;
			buildActionMask = 2147483647;
			files = (
			);
			inputFileListPaths = (
			);
			inputPaths = (
			);
			name = "Run Script";
			outputFileListPaths = (
			);
			outputPaths = (
			);
			runOnlyForDeploymentPostprocessing = 0;
			shellPath = /bin/sh;
			shellScript = "# Type a script or drag a script file from your workspace to insert its path.\nif [ \"$ACTION\" == \"install\" ]; then exit 0; fi\nbuildNumber=$(/usr/libexec/PlistBuddy -c \"Print CFBundleVersion\" \"${PROJECT_DIR}/${INFOPLIST_FILE}\")\nbuildNumber=$(($buildNumber + 1))\nchmod +w \"${PROJECT_DIR}/${INFOPLIST_FILE}\"\n/usr/libexec/PlistBuddy -c \"Set :CFBundleVersion $buildNumber\" \"${PROJECT_DIR}/${INFOPLIST_FILE}\"\n";
		};
		BBDD84572C4FED87000F3124 /* ShellScript */ = {
			isa = PBXShellScriptBuildPhase;
			buildActionMask = 12;
			files = (
			);
			inputFileListPaths = (
			);
			inputPaths = (
			);
			outputFileListPaths = (
			);
			outputPaths = (
			);
			runOnlyForDeploymentPostprocessing = 0;
			shellPath = /bin/sh;
			shellScript = "# Type a script or drag a script file from your workspace to insert its path.\nInjectionNext/build_bundles.sh\n";
		};
/* End PBXShellScriptBuildPhase section */

/* Begin PBXSourcesBuildPhase section */
		BB85A4202D6B9C5300FA29D0 /* Sources */ = {
			isa = PBXSourcesBuildPhase;
			buildActionMask = 2147483647;
			files = (
				BB85A42E2D6BA13B00FA29D0 /* SimpleSocket.mm in Sources */,
			);
			runOnlyForDeploymentPostprocessing = 0;
		};
		BBCA01FA1FB0F10300E45F0F /* Sources */ = {
			isa = PBXSourcesBuildPhase;
			buildActionMask = 2147483647;
			files = (
				BB6A56F02C50E73600C92112 /* Defaults.swift in Sources */,
				BB42F93F2EB63CD800FDBBCC /* Common.swift in Sources */,
				BB42F94C2EB63E4F00FDBBCC /* LogParser.swift in Sources */,
				224E58002C08BC0E00B71C79 /* MonitorXcode.swift in Sources */,
				BB42F94D2EB63E5600FDBBCC /* Recompiler.swift in Sources */,
				229127F12C1EEF69005D7625 /* Experimental.swift in Sources */,
				BBA082362D6BC33500FFFB2F /* FrontendServer.swift in Sources */,
				BBCA022A1FB0F64800E45F0F /* SimpleSocket.mm in Sources */,
				BB42F94E2EB63E7700FDBBCC /* InjectionBase.swift in Sources */,
				BB16653A25E9A5F2001407AE /* main.m in Sources */,
				BBCA02021FB0F10300E45F0F /* AppDelegate.swift in Sources */,
				BB5155DA2CDED44F00704C7A /* InjectionHybrid.swift in Sources */,
				BB42F94B2EB63E3F00FDBBCC /* FileWatcher.swift in Sources */,
				BB4654812C257F110080EC40 /* NextCompiler.swift in Sources */,
				BB42F95A2EB63EFF00FDBBCC /* BazelInterface.swift in Sources */,
				BB42F95B2EB63EFF00FDBBCC /* GitIgnoreParser.swift in Sources */,
				BB42F95C2EB63EFF00FDBBCC /* BazelActionQueryHandler.swift in Sources */,
				BB42F95D2EB63EFF00FDBBCC /* BazelAQueryParser.swift in Sources */,
				BB42F95E2EB63EFF00FDBBCC /* FilenameMatcher.swift in Sources */,
				224E57FE2C08BBE300B71C79 /* InjectionServer.swift in Sources */,
				22B645A02C18DD9D00F99B61 /* Unhider.swift in Sources */,
			);
			runOnlyForDeploymentPostprocessing = 0;
		};
		BBDD840F2C4FE749000F3124 /* Sources */ = {
			isa = PBXSourcesBuildPhase;
			buildActionMask = 2147483647;
			files = (
				BBDD84422C4FEA4E000F3124 /* InjectionNext.swift in Sources */,
				BB42F8E12EB626F100FDBBCC /* SwiftAspects.swift in Sources */,
				BB42F8E22EB626F100FDBBCC /* SwiftInterpose.swift in Sources */,
				BB42F8E32EB626F100FDBBCC /* SwiftTrace.swift in Sources */,
				BB42F8E42EB626F100FDBBCC /* SwiftSwizzle.swift in Sources */,
				BB42F8E52EB626F100FDBBCC /* SwiftArgs.swift in Sources */,
				BB42F8E62EB626F100FDBBCC /* SwiftInvoke.swift in Sources */,
				BB42F8E72EB626F100FDBBCC /* EasyPointer.swift in Sources */,
				BB42F8E82EB626F100FDBBCC /* SwiftStack.swift in Sources */,
				BB42F9552EB63EFF00FDBBCC /* BazelInterface.swift in Sources */,
				BB4788902EB6B81A00464AB4 /* fast_dladdr.mm in Sources */,
				BB4788912EB6B81A00464AB4 /* xt_forwarding_trampoline_arm64.s in Sources */,
				BB4788922EB6B81A00464AB4 /* xt_forwarding_trampoline_x64.s in Sources */,
				BB4788932EB6B81A00464AB4 /* ObjCBridge.mm in Sources */,
				BB4788942EB6B81A00464AB4 /* Trampolines.mm in Sources */,
				BB4788952EB6B81A00464AB4 /* xt_forwarding_trampoline_arm7.s in Sources */,
				BB4788962EB6B81A00464AB4 /* SwiftTrace.mm in Sources */,
				BB4788972EB6B81A00464AB4 /* xt_forwarding_trampoline_x86.s in Sources */,
				BB4788982EB6B81A00464AB4 /* fishhook.c in Sources */,
				BB42F9562EB63EFF00FDBBCC /* GitIgnoreParser.swift in Sources */,
				BB42F9572EB63EFF00FDBBCC /* BazelActionQueryHandler.swift in Sources */,
				BB42F9582EB63EFF00FDBBCC /* BazelAQueryParser.swift in Sources */,
				BB42F9592EB63EFF00FDBBCC /* FilenameMatcher.swift in Sources */,
				BB42F8E92EB626F100FDBBCC /* SwiftStats.swift in Sources */,
				BB42F9212EB639D100FDBBCC /* DLKit.swift in Sources */,
				BB42F9222EB639D100FDBBCC /* Iterators.swift in Sources */,
				BB42F9232EB639D100FDBBCC /* Interposing.swift in Sources */,
				BBFE1B422ED7C116004E14EE /* SwiftRefs.swift in Sources */,
				BB42F9242EB639D100FDBBCC /* ImageSymbols.swift in Sources */,
				BB42F9252EB639D100FDBBCC /* Demangling.swift in Sources */,
				BB42F9262EB639D100FDBBCC /* FileSymbols.swift in Sources */,
				BB42F8EA2EB626F100FDBBCC /* StringIndex.swift in Sources */,
				BB42F8EB2EB626F100FDBBCC /* SwiftLifetime.swift in Sources */,
				BB42F9462EB63E3400FDBBCC /* InjectionBase.swift in Sources */,
				BB42F9472EB63E3400FDBBCC /* Recompiler.swift in Sources */,
				BB42F9482EB63E3400FDBBCC /* InjectionLite.swift in Sources */,
				BB42F9492EB63E3400FDBBCC /* LogParser.swift in Sources */,
				BB42F94A2EB63E3400FDBBCC /* FileWatcher.swift in Sources */,
				BB42F8EC2EB626F100FDBBCC /* SwiftMeta.swift in Sources */,
				BB4788802EB6B6E700464AB4 /* InjectionBoot.mm in Sources */,
				BBDD845A2C4FF646000F3124 /* ClientBoot.mm in Sources */,
				BB42F92D2EB639E500FDBBCC /* DLKitC.c in Sources */,
				BB42F92E2EB639E500FDBBCC /* trie_dladdr.mm in Sources */,
				BB42F92F2EB639E500FDBBCC /* trie_dlops.mm in Sources */,
				BBDD84542C4FEB16000F3124 /* TupleRegex.swift in Sources */,
				BBDD84552C4FEC98000F3124 /* SimpleSocket.mm in Sources */,
				BB42F9382EB63C2900FDBBCC /* KeyPaths.swift in Sources */,
				BB42F9392EB63C2900FDBBCC /* Reloader.swift in Sources */,
				BB42F93A2EB63C2900FDBBCC /* Generics.swift in Sources */,
				BB42F93B2EB63C2900FDBBCC /* Metadata.swift in Sources */,
				BB42F93C2EB63C2900FDBBCC /* Common.swift in Sources */,
				BB42F93D2EB63C2900FDBBCC /* Sweeper.swift in Sources */,
			);
			runOnlyForDeploymentPostprocessing = 0;
		};
/* End PBXSourcesBuildPhase section */

/* Begin PBXTargetDependency section */
		BB2D41AE2DAD15220073C203 /* PBXTargetDependency */ = {
			isa = PBXTargetDependency;
			productRef = BB2D41AD2DAD15220073C203 /* Popen */;
		};
		BB85A42D2D6B9CA200FA29D0 /* PBXTargetDependency */ = {
			isa = PBXTargetDependency;
			target = BB85A4232D6B9C5300FA29D0 /* feedcommands */;
			targetProxy = BB85A42C2D6B9CA200FA29D0 /* PBXContainerItemProxy */;
		};
		BBDD843E2C4FE8C5000F3124 /* PBXTargetDependency */ = {
			isa = PBXTargetDependency;
			target = BBDD84122C4FE749000F3124 /* InjectionBundle */;
			targetProxy = BBDD843D2C4FE8C5000F3124 /* PBXContainerItemProxy */;
		};
/* End PBXTargetDependency section */

/* Begin PBXVariantGroup section */
		BBCA02051FB0F10300E45F0F /* MainMenu.xib */ = {
			isa = PBXVariantGroup;
			children = (
				BBCA02061FB0F10300E45F0F /* Base */,
			);
			name = MainMenu.xib;
			sourceTree = "<group>";
		};
/* End PBXVariantGroup section */

/* Begin XCBuildConfiguration section */
		BB439B821FABA64300B4F50B /* Debug */ = {
			isa = XCBuildConfiguration;
			buildSettings = {
				ALWAYS_SEARCH_USER_PATHS = NO;
				CLANG_ANALYZER_NONNULL = YES;
				CLANG_ANALYZER_NUMBER_OBJECT_CONVERSION = YES_AGGRESSIVE;
				CLANG_CXX_LANGUAGE_STANDARD = "gnu++14";
				CLANG_CXX_LIBRARY = "libc++";
				CLANG_ENABLE_MODULES = YES;
				CLANG_ENABLE_OBJC_ARC = YES;
				CLANG_WARN_BLOCK_CAPTURE_AUTORELEASING = YES;
				CLANG_WARN_BOOL_CONVERSION = YES;
				CLANG_WARN_COMMA = YES;
				CLANG_WARN_CONSTANT_CONVERSION = YES;
				CLANG_WARN_DEPRECATED_OBJC_IMPLEMENTATIONS = YES;
				CLANG_WARN_DIRECT_OBJC_ISA_USAGE = YES_ERROR;
				CLANG_WARN_DOCUMENTATION_COMMENTS = YES;
				CLANG_WARN_EMPTY_BODY = YES;
				CLANG_WARN_ENUM_CONVERSION = YES;
				CLANG_WARN_INFINITE_RECURSION = YES;
				CLANG_WARN_INT_CONVERSION = YES;
				CLANG_WARN_NON_LITERAL_NULL_CONVERSION = YES;
				CLANG_WARN_OBJC_IMPLICIT_RETAIN_SELF = YES;
				CLANG_WARN_OBJC_LITERAL_CONVERSION = YES;
				CLANG_WARN_OBJC_ROOT_CLASS = YES_ERROR;
				CLANG_WARN_QUOTED_INCLUDE_IN_FRAMEWORK_HEADER = YES;
				CLANG_WARN_RANGE_LOOP_ANALYSIS = YES;
				CLANG_WARN_STRICT_PROTOTYPES = YES;
				CLANG_WARN_SUSPICIOUS_MOVE = YES;
				CLANG_WARN_UNGUARDED_AVAILABILITY = YES_AGGRESSIVE;
				CLANG_WARN_UNREACHABLE_CODE = YES;
				CLANG_WARN__DUPLICATE_METHOD_MATCH = YES;
				CODE_SIGN_IDENTITY = "iPhone Developer";
				COPY_PHASE_STRIP = NO;
				DEBUG_INFORMATION_FORMAT = dwarf;
				DEVELOPMENT_TEAM = 9V5A8WE85E;
				EMIT_FRONTEND_COMMAND_LINES = YES;
				ENABLE_STRICT_OBJC_MSGSEND = YES;
				ENABLE_TESTABILITY = YES;
				FRAMEWORK_SEARCH_PATHS = $PLATFORM_DIR/Developer/Library/Frameworks;
				GCC_C_LANGUAGE_STANDARD = gnu11;
				GCC_DYNAMIC_NO_PIC = NO;
				GCC_NO_COMMON_BLOCKS = YES;
				GCC_OPTIMIZATION_LEVEL = 0;
				GCC_WARN_64_TO_32_BIT_CONVERSION = YES;
				GCC_WARN_ABOUT_RETURN_TYPE = YES_ERROR;
				GCC_WARN_UNDECLARED_SELECTOR = YES;
				GCC_WARN_UNINITIALIZED_AUTOS = YES_AGGRESSIVE;
				GCC_WARN_UNUSED_FUNCTION = YES;
				GCC_WARN_UNUSED_VARIABLE = YES;
				HEADER_SEARCH_PATHS = $SRCROOT/HotReloading/Sources/HotReloadingGuts/include;
				IPHONEOS_DEPLOYMENT_TARGET = 13.0;
				LD_RUNPATH_SEARCH_PATHS = (
					"$(TOOLCHAIN_DIR)/usr/lib/swift/$(SWIFT_PLATFORM_TARGET_PREFIX)",
					$PLATFORM_DIR/Developer/Library/Frameworks,
				);
				MTL_ENABLE_DEBUG_INFO = YES;
				ONLY_ACTIVE_ARCH = YES;
				OTHER_SWIFT_FLAGS = "-Xfrontend -warn-long-expression-type-checking=150";
				PRODUCT_NAME = macOSInjection;
				SDKROOT = iphoneos;
				SWIFT_ACTIVE_COMPILATION_CONDITIONS = DEBUG;
				SWIFT_OPTIMIZATION_LEVEL = "-Onone";
				SWIFT_VERSION = 5.0;
			};
			name = Debug;
		};
		BB439B831FABA64300B4F50B /* Release */ = {
			isa = XCBuildConfiguration;
			buildSettings = {
				ALWAYS_SEARCH_USER_PATHS = NO;
				CLANG_ANALYZER_NONNULL = YES;
				CLANG_ANALYZER_NUMBER_OBJECT_CONVERSION = YES_AGGRESSIVE;
				CLANG_CXX_LANGUAGE_STANDARD = "gnu++14";
				CLANG_CXX_LIBRARY = "libc++";
				CLANG_ENABLE_MODULES = YES;
				CLANG_ENABLE_OBJC_ARC = YES;
				CLANG_WARN_BLOCK_CAPTURE_AUTORELEASING = YES;
				CLANG_WARN_BOOL_CONVERSION = YES;
				CLANG_WARN_COMMA = YES;
				CLANG_WARN_CONSTANT_CONVERSION = YES;
				CLANG_WARN_DEPRECATED_OBJC_IMPLEMENTATIONS = YES;
				CLANG_WARN_DIRECT_OBJC_ISA_USAGE = YES_ERROR;
				CLANG_WARN_DOCUMENTATION_COMMENTS = YES;
				CLANG_WARN_EMPTY_BODY = YES;
				CLANG_WARN_ENUM_CONVERSION = YES;
				CLANG_WARN_INFINITE_RECURSION = YES;
				CLANG_WARN_INT_CONVERSION = YES;
				CLANG_WARN_NON_LITERAL_NULL_CONVERSION = YES;
				CLANG_WARN_OBJC_IMPLICIT_RETAIN_SELF = YES;
				CLANG_WARN_OBJC_LITERAL_CONVERSION = YES;
				CLANG_WARN_OBJC_ROOT_CLASS = YES_ERROR;
				CLANG_WARN_QUOTED_INCLUDE_IN_FRAMEWORK_HEADER = YES;
				CLANG_WARN_RANGE_LOOP_ANALYSIS = YES;
				CLANG_WARN_STRICT_PROTOTYPES = YES;
				CLANG_WARN_SUSPICIOUS_MOVE = YES;
				CLANG_WARN_UNGUARDED_AVAILABILITY = YES_AGGRESSIVE;
				CLANG_WARN_UNREACHABLE_CODE = YES;
				CLANG_WARN__DUPLICATE_METHOD_MATCH = YES;
				CODE_SIGN_IDENTITY = "iPhone Developer";
				COPY_PHASE_STRIP = NO;
				DEBUG_INFORMATION_FORMAT = "dwarf-with-dsym";
				DEVELOPMENT_TEAM = 9V5A8WE85E;
				EMIT_FRONTEND_COMMAND_LINES = YES;
				ENABLE_NS_ASSERTIONS = NO;
				ENABLE_STRICT_OBJC_MSGSEND = YES;
				FRAMEWORK_SEARCH_PATHS = $PLATFORM_DIR/Developer/Library/Frameworks;
				GCC_C_LANGUAGE_STANDARD = gnu11;
				GCC_NO_COMMON_BLOCKS = YES;
				GCC_WARN_64_TO_32_BIT_CONVERSION = YES;
				GCC_WARN_ABOUT_RETURN_TYPE = YES_ERROR;
				GCC_WARN_UNDECLARED_SELECTOR = YES;
				GCC_WARN_UNINITIALIZED_AUTOS = YES_AGGRESSIVE;
				GCC_WARN_UNUSED_FUNCTION = YES;
				GCC_WARN_UNUSED_VARIABLE = YES;
				HEADER_SEARCH_PATHS = $SRCROOT/HotReloading/Sources/HotReloadingGuts/include;
				IPHONEOS_DEPLOYMENT_TARGET = 13.0;
				LD_RUNPATH_SEARCH_PATHS = (
					"$(TOOLCHAIN_DIR)/usr/lib/swift/$(SWIFT_PLATFORM_TARGET_PREFIX)",
					$PLATFORM_DIR/Developer/Library/Frameworks,
				);
				MTL_ENABLE_DEBUG_INFO = NO;
				PRODUCT_NAME = macOSInjection;
				SDKROOT = iphoneos;
				SWIFT_COMPILATION_MODE = wholemodule;
				SWIFT_OPTIMIZATION_LEVEL = "-O";
				SWIFT_VERSION = 5.0;
				VALIDATE_PRODUCT = YES;
			};
			name = Release;
		};
		BB85A4282D6B9C5300FA29D0 /* Debug */ = {
			isa = XCBuildConfiguration;
			buildSettings = {
				ASSETCATALOG_COMPILER_GENERATE_SWIFT_ASSET_SYMBOL_EXTENSIONS = YES;
				CLANG_CXX_LANGUAGE_STANDARD = "gnu++20";
				CLANG_ENABLE_OBJC_WEAK = YES;
				CLANG_WARN_DEPRECATED_OBJC_IMPLEMENTATIONS = YES;
				CLANG_WARN_OBJC_IMPLICIT_RETAIN_SELF = YES;
				CLANG_WARN_QUOTED_INCLUDE_IN_FRAMEWORK_HEADER = YES;
				CODE_SIGN_STYLE = Automatic;
				DEAD_CODE_STRIPPING = YES;
				ENABLE_HARDENED_RUNTIME = YES;
				ENABLE_USER_SCRIPT_SANDBOXING = YES;
				GCC_C_LANGUAGE_STANDARD = gnu17;
				GCC_PREPROCESSOR_DEFINITIONS = (
					"DEBUG=1",
					"$(inherited)",
				);
				LOCALIZATION_PREFERS_STRING_CATALOGS = YES;
				MACOSX_DEPLOYMENT_TARGET = 15.1;
				MTL_ENABLE_DEBUG_INFO = INCLUDE_SOURCE;
				MTL_FAST_MATH = YES;
				PRODUCT_NAME = "$(TARGET_NAME)";
				SDKROOT = macosx;
				SKIP_INSTALL = YES;
			};
			name = Debug;
		};
		BB85A4292D6B9C5300FA29D0 /* Release */ = {
			isa = XCBuildConfiguration;
			buildSettings = {
				ASSETCATALOG_COMPILER_GENERATE_SWIFT_ASSET_SYMBOL_EXTENSIONS = YES;
				CLANG_CXX_LANGUAGE_STANDARD = "gnu++20";
				CLANG_ENABLE_OBJC_WEAK = YES;
				CLANG_WARN_DEPRECATED_OBJC_IMPLEMENTATIONS = YES;
				CLANG_WARN_OBJC_IMPLICIT_RETAIN_SELF = YES;
				CLANG_WARN_QUOTED_INCLUDE_IN_FRAMEWORK_HEADER = YES;
				CODE_SIGN_STYLE = Automatic;
				DEAD_CODE_STRIPPING = YES;
				ENABLE_HARDENED_RUNTIME = YES;
				ENABLE_USER_SCRIPT_SANDBOXING = YES;
				GCC_C_LANGUAGE_STANDARD = gnu17;
				LOCALIZATION_PREFERS_STRING_CATALOGS = YES;
				MACOSX_DEPLOYMENT_TARGET = 15.1;
				MTL_FAST_MATH = YES;
				PRODUCT_NAME = "$(TARGET_NAME)";
				SDKROOT = macosx;
				SKIP_INSTALL = YES;
			};
			name = Release;
		};
		BBCA020D1FB0F10400E45F0F /* Debug */ = {
			isa = XCBuildConfiguration;
			buildSettings = {
				ALWAYS_EMBED_SWIFT_STANDARD_LIBRARIES = YES;
				ASSETCATALOG_COMPILER_APPICON_NAME = AppIcon;
				CODE_SIGN_ENTITLEMENTS = InjectionNext/InjectionNext.entitlements;
				CODE_SIGN_IDENTITY = "-";
				CODE_SIGN_STYLE = Manual;
				COMBINE_HIDPI_IMAGES = YES;
				ENABLE_DEBUG_DYLIB = NO;
				ENABLE_HARDENED_RUNTIME = YES;
				INFOPLIST_FILE = InjectionNext/Info.plist;
				LD_RUNPATH_SEARCH_PATHS = "@executable_path/../Frameworks";
				MACOSX_DEPLOYMENT_TARGET = 10.13;
				MARKETING_VERSION = 1.5.2;
				PRODUCT_BUNDLE_IDENTIFIER = com.johnholdsworth.InjectionNext;
				PRODUCT_NAME = "$(TARGET_NAME)";
				PROVISIONING_PROFILE_SPECIFIER = "";
				SDKROOT = macosx;
				SWIFT_OBJC_BRIDGING_HEADER = "InjectionNext/InjectionNext-Bridging-Header.h";
			};
			name = Debug;
		};
		BBCA020E1FB0F10400E45F0F /* Release */ = {
			isa = XCBuildConfiguration;
			buildSettings = {
				ALWAYS_EMBED_SWIFT_STANDARD_LIBRARIES = YES;
				ASSETCATALOG_COMPILER_APPICON_NAME = AppIcon;
				CODE_SIGN_ENTITLEMENTS = InjectionNext/InjectionNext.entitlements;
				CODE_SIGN_IDENTITY = "Developer ID Application";
				CODE_SIGN_STYLE = Manual;
				COMBINE_HIDPI_IMAGES = YES;
				ENABLE_DEBUG_DYLIB = NO;
				ENABLE_HARDENED_RUNTIME = YES;
				INFOPLIST_FILE = InjectionNext/Info.plist;
				LD_RUNPATH_SEARCH_PATHS = "@executable_path/../Frameworks";
				MACOSX_DEPLOYMENT_TARGET = 10.13;
				MARKETING_VERSION = 1.5.2;
				PRODUCT_BUNDLE_IDENTIFIER = com.johnholdsworth.InjectionNext;
				PRODUCT_NAME = "$(TARGET_NAME)";
				PROVISIONING_PROFILE_SPECIFIER = "";
				SDKROOT = macosx;
				SWIFT_OBJC_BRIDGING_HEADER = "InjectionNext/InjectionNext-Bridging-Header.h";
			};
			name = Release;
		};
		BBDD84142C4FE749000F3124 /* Debug */ = {
			isa = XCBuildConfiguration;
			buildSettings = {
				ASSETCATALOG_COMPILER_GENERATE_SWIFT_ASSET_SYMBOL_EXTENSIONS = YES;
				CLANG_CXX_LANGUAGE_STANDARD = "c++17";
				CLANG_ENABLE_OBJC_WEAK = YES;
				CLANG_WARN_DEPRECATED_OBJC_IMPLEMENTATIONS = YES;
				CLANG_WARN_OBJC_IMPLICIT_RETAIN_SELF = YES;
				CLANG_WARN_QUOTED_INCLUDE_IN_FRAMEWORK_HEADER = YES;
				CODE_SIGN_STYLE = Automatic;
				COMBINE_HIDPI_IMAGES = YES;
				CURRENT_PROJECT_VERSION = 1;
				ENABLE_USER_SCRIPT_SANDBOXING = YES;
				GCC_C_LANGUAGE_STANDARD = c17;
				GCC_PREPROCESSOR_DEFINITIONS = (
					"DEBUG=1",
					"$(inherited)",
				);
				GENERATE_INFOPLIST_FILE = YES;
				INFOPLIST_KEY_NSHumanReadableCopyright = "Copyright © 2024 John Holdsworth. All rights reserved.";
				INFOPLIST_KEY_NSPrincipalClass = "";
				INSTALL_PATH = "$(LOCAL_LIBRARY_DIR)/Bundles";
				LD_DYLIB_INSTALL_NAME = "/Applications/InjectionNext.app/Contents/Resources/lib$(PLATFORM_NAME)Injection.dylib";
				LD_RUNPATH_SEARCH_PATHS = (
					"$(inherited)",
					/Applications/Xcode.app/Contents/Developer/Platforms/MacOSX.platform/Developer/usr/lib,
					/Applications/Xcode.app/Contents/Developer/Platforms/MacOSX.platform/Developer/Library/Frameworks,
					/Applications/Xcode.app/Contents/Developer/Platforms/MacOSX.platform/Developer/Library/PrivateFrameworks,
				);
				LIBRARY_SEARCH_PATHS = "$(PLATFORM_DIR)/Developer/usr/lib";
				LOCALIZATION_PREFERS_STRING_CATALOGS = YES;
				MACH_O_TYPE = mh_dylib;
				MACOSX_DEPLOYMENT_TARGET = 10.15;
				MARKETING_VERSION = 1.0;
				MTL_ENABLE_DEBUG_INFO = INCLUDE_SOURCE;
				MTL_FAST_MATH = YES;
				OTHER_LDFLAGS = (
					"-lXCTestSwiftSupport",
					"$(BUILT_PRODUCTS_DIR)/Popen.o",
				);
				PRODUCT_BUNDLE_IDENTIFIER = com.johnholdsworth.InjectionBundle;
				PRODUCT_NAME = macOSInjection;
				SDKROOT = macosx;
				SKIP_INSTALL = YES;
				SWIFT_EMIT_LOC_STRINGS = YES;
				SWIFT_OBJC_BRIDGING_HEADER = "InjectionBundle/InjectionBundle-Bridging-Header.h";
				WRAPPER_EXTENSION = bundle;
			};
			name = Debug;
		};
		BBDD84152C4FE749000F3124 /* Release */ = {
			isa = XCBuildConfiguration;
			buildSettings = {
				ASSETCATALOG_COMPILER_GENERATE_SWIFT_ASSET_SYMBOL_EXTENSIONS = YES;
				CLANG_CXX_LANGUAGE_STANDARD = "c++17";
				CLANG_ENABLE_OBJC_WEAK = YES;
				CLANG_WARN_DEPRECATED_OBJC_IMPLEMENTATIONS = YES;
				CLANG_WARN_OBJC_IMPLICIT_RETAIN_SELF = YES;
				CLANG_WARN_QUOTED_INCLUDE_IN_FRAMEWORK_HEADER = YES;
				CODE_SIGN_STYLE = Automatic;
				COMBINE_HIDPI_IMAGES = YES;
				CURRENT_PROJECT_VERSION = 1;
				ENABLE_USER_SCRIPT_SANDBOXING = YES;
				GCC_C_LANGUAGE_STANDARD = c17;
				GENERATE_INFOPLIST_FILE = YES;
				INFOPLIST_KEY_NSHumanReadableCopyright = "Copyright © 2024 John Holdsworth. All rights reserved.";
				INFOPLIST_KEY_NSPrincipalClass = "";
				INSTALL_PATH = "$(LOCAL_LIBRARY_DIR)/Bundles";
				LD_DYLIB_INSTALL_NAME = "/Applications/InjectionNext.app/Contents/Resources/lib$(PLATFORM_NAME)Injection.dylib";
				LD_RUNPATH_SEARCH_PATHS = (
					"$(inherited)",
					/Applications/Xcode.app/Contents/Developer/Platforms/MacOSX.platform/Developer/usr/lib,
					/Applications/Xcode.app/Contents/Developer/Platforms/MacOSX.platform/Developer/Library/Frameworks,
					/Applications/Xcode.app/Contents/Developer/Platforms/MacOSX.platform/Developer/Library/PrivateFrameworks,
				);
				LIBRARY_SEARCH_PATHS = "$(PLATFORM_DIR)/Developer/usr/lib";
				LOCALIZATION_PREFERS_STRING_CATALOGS = YES;
				MACH_O_TYPE = mh_dylib;
				MACOSX_DEPLOYMENT_TARGET = 10.15;
				MARKETING_VERSION = 1.0;
				MTL_FAST_MATH = YES;
				OTHER_LDFLAGS = (
					"-lXCTestSwiftSupport",
					"$(BUILT_PRODUCTS_DIR)/Popen.o",
				);
				PRODUCT_BUNDLE_IDENTIFIER = com.johnholdsworth.InjectionBundle;
				PRODUCT_NAME = macOSInjection;
				SDKROOT = macosx;
				SKIP_INSTALL = YES;
				SWIFT_EMIT_LOC_STRINGS = YES;
				SWIFT_OBJC_BRIDGING_HEADER = "InjectionBundle/InjectionBundle-Bridging-Header.h";
				WRAPPER_EXTENSION = bundle;
			};
			name = Release;
		};
/* End XCBuildConfiguration section */

/* Begin XCConfigurationList section */
		BB439B601FABA64300B4F50B /* Build configuration list for PBXProject "InjectionNext" */ = {
			isa = XCConfigurationList;
			buildConfigurations = (
				BB439B821FABA64300B4F50B /* Debug */,
				BB439B831FABA64300B4F50B /* Release */,
			);
			defaultConfigurationIsVisible = 0;
			defaultConfigurationName = Release;
		};
		BB85A42A2D6B9C5300FA29D0 /* Build configuration list for PBXNativeTarget "feedcommands" */ = {
			isa = XCConfigurationList;
			buildConfigurations = (
				BB85A4282D6B9C5300FA29D0 /* Debug */,
				BB85A4292D6B9C5300FA29D0 /* Release */,
			);
			defaultConfigurationIsVisible = 0;
			defaultConfigurationName = Release;
		};
		BBCA020C1FB0F10400E45F0F /* Build configuration list for PBXNativeTarget "InjectionNext" */ = {
			isa = XCConfigurationList;
			buildConfigurations = (
				BBCA020D1FB0F10400E45F0F /* Debug */,
				BBCA020E1FB0F10400E45F0F /* Release */,
			);
			defaultConfigurationIsVisible = 0;
			defaultConfigurationName = Release;
		};
		BBDD84162C4FE749000F3124 /* Build configuration list for PBXNativeTarget "InjectionBundle" */ = {
			isa = XCConfigurationList;
			buildConfigurations = (
				BBDD84142C4FE749000F3124 /* Debug */,
				BBDD84152C4FE749000F3124 /* Release */,
			);
			defaultConfigurationIsVisible = 0;
			defaultConfigurationName = Release;
		};
/* End XCConfigurationList section */

/* Begin XCRemoteSwiftPackageReference section */
		2217BE7F2C0A65C20032A832 /* XCRemoteSwiftPackageReference "Fortify" */ = {
			isa = XCRemoteSwiftPackageReference;
			repositoryURL = "https://github.com/johnno1962/Fortify";
			requirement = {
				kind = upToNextMajorVersion;
				minimumVersion = 2.1.12;
			};
		};
		224E57F92C08978F00B71C79 /* XCRemoteSwiftPackageReference "SwiftRegex5" */ = {
			isa = XCRemoteSwiftPackageReference;
			repositoryURL = "https://github.com/johnno1962/SwiftRegex5";
			requirement = {
				kind = upToNextMajorVersion;
				minimumVersion = 6.1.3;
			};
		};
		22E3D9892C19009900BB234E /* XCRemoteSwiftPackageReference "DLKit" */ = {
			isa = XCRemoteSwiftPackageReference;
			repositoryURL = "https://github.com/johnno1962/DLKit";
			requirement = {
				kind = upToNextMajorVersion;
				minimumVersion = 3.5.5;
			};
		};
		BB0CECAE2C73C1610000A4E6 /* XCRemoteSwiftPackageReference "Quick" */ = {
			isa = XCRemoteSwiftPackageReference;
			repositoryURL = "https://github.com/Quick/Quick";
			requirement = {
				branch = main;
				kind = branch;
			};
		};
		BB0CECB12C73C1890000A4E6 /* XCRemoteSwiftPackageReference "Nimble" */ = {
			isa = XCRemoteSwiftPackageReference;
			repositoryURL = "https://github.com/Quick/Nimble.git";
			requirement = {
				kind = upToNextMinorVersion;
				minimumVersion = 13.2.0;
			};
		};
		BB2D41A42DAD10110073C203 /* XCRemoteSwiftPackageReference "Popen" */ = {
			isa = XCRemoteSwiftPackageReference;
			repositoryURL = "https://github.com/johnno1962/Popen";
			requirement = {
				kind = upToNextMajorVersion;
				minimumVersion = 2.1.9;
			};
		};
		BBEB87102C74FD930044578A /* XCRemoteSwiftPackageReference "Quick" */ = {
			isa = XCRemoteSwiftPackageReference;
			repositoryURL = "https://github.com/johnno1962/Quick";
			requirement = {
				branch = uncached;
				kind = branch;
			};
		};
/* End XCRemoteSwiftPackageReference section */

/* Begin XCSwiftPackageProductDependency section */
		2217BE802C0A65C20032A832 /* Fortify */ = {
			isa = XCSwiftPackageProductDependency;
			package = 2217BE7F2C0A65C20032A832 /* XCRemoteSwiftPackageReference "Fortify" */;
			productName = Fortify;
		};
		224E57FA2C08978F00B71C79 /* SwiftRegex */ = {
			isa = XCSwiftPackageProductDependency;
			package = 224E57F92C08978F00B71C79 /* XCRemoteSwiftPackageReference "SwiftRegex5" */;
			productName = SwiftRegex;
		};
		22E3D98A2C19009900BB234E /* DLKit */ = {
			isa = XCSwiftPackageProductDependency;
			package = 22E3D9892C19009900BB234E /* XCRemoteSwiftPackageReference "DLKit" */;
			productName = DLKit;
		};
		22E3D98C2C19009900BB234E /* DLKitC */ = {
			isa = XCSwiftPackageProductDependency;
			package = 22E3D9892C19009900BB234E /* XCRemoteSwiftPackageReference "DLKit" */;
			productName = DLKitC;
		};
		BB0CECAF2C73C1610000A4E6 /* Quick */ = {
			isa = XCSwiftPackageProductDependency;
			package = BB0CECAE2C73C1610000A4E6 /* XCRemoteSwiftPackageReference "Quick" */;
			productName = Quick;
		};
		BB0CECB22C73C1890000A4E6 /* Nimble */ = {
			isa = XCSwiftPackageProductDependency;
			package = BB0CECB12C73C1890000A4E6 /* XCRemoteSwiftPackageReference "Nimble" */;
			productName = Nimble;
		};
		BB2D41AB2DAD14EA0073C203 /* Popen */ = {
			isa = XCSwiftPackageProductDependency;
			package = BB2D41A42DAD10110073C203 /* XCRemoteSwiftPackageReference "Popen" */;
			productName = Popen;
		};
		BB2D41AD2DAD15220073C203 /* Popen */ = {
			isa = XCSwiftPackageProductDependency;
			package = BB2D41A42DAD10110073C203 /* XCRemoteSwiftPackageReference "Popen" */;
			productName = Popen;
		};
		BBEB87112C74FD930044578A /* Quick */ = {
			isa = XCSwiftPackageProductDependency;
			package = BBEB87102C74FD930044578A /* XCRemoteSwiftPackageReference "Quick" */;
			productName = Quick;
		};
/* End XCSwiftPackageProductDependency section */
	};
	rootObject = BB439B5D1FABA64300B4F50B /* Project object */;
}
